{
  "version": 4,
  "terraform_version": "1.14.8",
  "serial": 121,
  "lineage": "575458fe-d08a-8bd4-a752-22146798fd9c",
  "outputs": {},
  "resources": [
    {
      "mode": "data",
      "type": "aws_ami",
      "name": "al2023",
      "provider": "provider[\"registry.terraform.io/hashicorp/aws\"]",
      "instances": [
        {
          "schema_version": 0,
          "attributes": {
            "architecture": "arm64",
            "arn": "arn:aws:ec2:us-east-2::image/ami-01e06eb78a94a2c91",
            "block_device_mappings": [
              {
                "device_name": "/dev/xvda",
                "ebs": {
                  "delete_on_termination": "true",
                  "encrypted": "false",
                  "iops": "3000",
                  "snapshot_id": "snap-03450bfcb39581b42",
                  "throughput": "125",
                  "volume_initialization_rate": "0",
                  "volume_size": "8",
                  "volume_type": "gp3"
                },
                "no_device": "",
                "virtual_name": ""
              }
            ],
            "boot_mode": "uefi",
            "creation_date": "2026-04-29T19:42:18.000Z",
            "deprecation_time": "2026-07-28T19:48:00.000Z",
            "description": "Amazon Linux 2023 AMI 2023.11.20260427.1 arm64 HVM kernel-6.12",
            "ena_support": true,
            "executable_users": null,
            "filter": [
              {
                "name": "name",
                "values": [
                  "al2023-ami-2023.*-arm64"
                ]
              }
            ],
            "hypervisor": "xen",
            "id": "ami-01e06eb78a94a2c91",
            "image_id": "ami-01e06eb78a94a2c91",
            "image_location": "amazon/al2023-ami-2023.11.20260427.1-kernel-6.12-arm64",
            "image_owner_alias": "amazon",
            "image_type": "machine",
            "imds_support": "v2.0",
            "include_deprecated": false,
            "kernel_id": "",
            "last_launched_time": "",
            "most_recent": true,
            "name": "al2023-ami-2023.11.20260427.1-kernel-6.12-arm64",
            "name_regex": null,
            "owner_id": "137112412989",
            "owners": [
              "amazon"
            ],
            "platform": "",
            "platform_details": "Linux/UNIX",
            "product_codes": [],
            "public": true,
            "ramdisk_id": "",
            "root_device_name": "/dev/xvda",
            "root_device_type": "ebs",
            "root_snapshot_id": "snap-03450bfcb39581b42",
            "sriov_net_support": "simple",
            "state": "available",
            "state_reason": {
              "code": "UNSET",
              "message": "UNSET"
            },
            "tags": {},
            "timeouts": null,
            "tpm_support": "",
            "uefi_data": null,
            "usage_operation": "RunInstances",
            "virtualization_type": "hvm"
          },
          "sensitive_attributes": [],
          "identity_schema_version": 0
        }
      ]
    },
    {
      "mode": "data",
      "type": "aws_caller_identity",
      "name": "current",
      "provider": "provider[\"registry.terraform.io/hashicorp/aws\"]",
      "instances": [
        {
          "schema_version": 0,
          "attributes": {
            "account_id": "793314585930",
            "arn": "arn:aws:iam::793314585930:root",
            "id": "793314585930",
            "user_id": "793314585930"
          },
          "sensitive_attributes": [],
          "identity_schema_version": 0
        }
      ]
    },
    {
      "mode": "managed",
      "type": "aws_autoscaling_group",
      "name": "app_asg",
      "provider": "provider[\"registry.terraform.io/hashicorp/aws\"]",
      "instances": [
        {
          "schema_version": 1,
          "attributes": {
            "arn": "arn:aws:autoscaling:us-east-2:793314585930:autoScalingGroup:fecf5330-75d1-49e1-ab66-3938d9134557:autoScalingGroupName/nycnow-asg",
            "availability_zone_distribution": [
              {
                "capacity_distribution_strategy": "balanced-best-effort"
              }
            ],
            "availability_zones": [
              "us-east-2a",
              "us-east-2b",
              "us-east-2c"
            ],
            "capacity_rebalance": false,
            "capacity_reservation_specification": [
              {
                "capacity_reservation_preference": "default",
                "capacity_reservation_target": []
              }
            ],
            "context": "",
            "default_cooldown": 300,
            "default_instance_warmup": 0,
            "desired_capacity": 1,
            "desired_capacity_type": "",
            "enabled_metrics": [],
            "force_delete": false,
            "force_delete_warm_pool": false,
            "health_check_grace_period": 300,
            "health_check_type": "EC2",
            "id": "nycnow-asg",
            "ignore_failed_scaling_activities": false,
            "initial_lifecycle_hook": [],
            "instance_maintenance_policy": [],
            "instance_refresh": [],
            "launch_configuration": "",
            "launch_template": [
              {
                "id": "lt-085c7f219a27414fb",
                "name": "nycnow-lt-20260409050523959500000003",
                "version": "$Latest"
              }
            ],
            "load_balancers": [],
            "max_instance_lifetime": 0,
            "max_size": 1,
            "metrics_granularity": "1Minute",
            "min_elb_capacity": null,
            "min_size": 1,
            "mixed_instances_policy": [],
            "name": "nycnow-asg",
            "name_prefix": "",
            "placement_group": "",
            "predicted_capacity": 0,
            "protect_from_scale_in": false,
            "service_linked_role_arn": "arn:aws:iam::793314585930:role/aws-service-role/autoscaling.amazonaws.com/AWSServiceRoleForAutoScaling",
            "suspended_processes": [],
            "tag": [
              {
                "key": "App",
                "propagate_at_launch": true,
                "value": "NycNow"
              },
              {
                "key": "Environment",
                "propagate_at_launch": true,
                "value": "feature"
              },
              {
                "key": "Name",
                "propagate_at_launch": true,
                "value": "nycnow-feature"
              }
            ],
            "target_group_arns": [],
            "termination_policies": [],
            "timeouts": null,
            "traffic_source": [],
            "vpc_zone_identifier": [
              "subnet-03d8e9c160a028070",
              "subnet-0c0324a6f2f783d0a",
              "subnet-0c9a12072bdfec2a5"
            ],
            "wait_for_capacity_timeout": "10m",
            "wait_for_elb_capacity": null,
            "warm_pool": [],
            "warm_pool_size": 0
          },
          "sensitive_attributes": [],
          "identity_schema_version": 0,
          "private": "eyJlMmJmYjczMC1lY2FhLTExZTYtOGY4OC0zNDM2M2JjN2M0YzAiOnsiZGVsZXRlIjo2MDAwMDAwMDAwMDAsInVwZGF0ZSI6NjAwMDAwMDAwMDAwfSwic2NoZW1hX3ZlcnNpb24iOiIxIn0=",
          "dependencies": [
            "aws_iam_instance_profile.ec2_profile",
            "aws_iam_role.ec2_role",
            "aws_launch_template.app_lt",
            "aws_security_group.app_sg",
            "data.aws_ami.al2023"
          ]
        }
      ]
    },
    {
      "mode": "managed",
      "type": "aws_iam_instance_profile",
      "name": "ec2_profile",
      "provider": "provider[\"registry.terraform.io/hashicorp/aws\"]",
      "instances": [
        {
          "schema_version": 0,
          "attributes": {
            "arn": "arn:aws:iam::793314585930:instance-profile/NycNow-EC2-Profile",
            "create_date": "2026-04-09T05:05:17Z",
            "id": "NycNow-EC2-Profile",
            "name": "NycNow-EC2-Profile",
            "name_prefix": "",
            "path": "/",
            "role": "NycNow-EC2-SSM-Role",
            "tags": {},
            "tags_all": {},
            "unique_id": "AIPA3RNJ35VFNXXCYEISA"
          },
          "sensitive_attributes": [],
          "identity_schema_version": 0,
          "private": "bnVsbA==",
          "dependencies": [
            "aws_iam_role.ec2_role"
          ]
        }
      ]
    },
    {
      "mode": "managed",
      "type": "aws_iam_role",
      "name": "ec2_role",
      "provider": "provider[\"registry.terraform.io/hashicorp/aws\"]",
      "instances": [
        {
          "schema_version": 0,
          "attributes": {
            "arn": "arn:aws:iam::793314585930:role/NycNow-EC2-SSM-Role",
            "assume_role_policy": "{\"Statement\":[{\"Action\":\"sts:AssumeRole\",\"Effect\":\"Allow\",\"Principal\":{\"Service\":\"ec2.amazonaws.com\"}}],\"Version\":\"2012-10-17\"}",
            "create_date": "2026-04-09T05:05:17Z",
            "description": "",
            "force_detach_policies": false,
            "id": "NycNow-EC2-SSM-Role",
            "inline_policy": [
              {
                "name": "NycNow-EC2-IPv6-Policy",
                "policy": "{\"Version\":\"2012-10-17\",\"Statement\":[{\"Action\":[\"ec2:AssignIpv6Addresses\",\"ec2:DescribeNetworkInterfaces\"],\"Effect\":\"Allow\",\"Resource\":\"*\"}]}"
              },
              {
                "name": "NycNow-EC2-S3-Policy",
                "policy": "{\"Version\":\"2012-10-17\",\"Statement\":[{\"Action\":[\"s3:PutObject\",\"s3:GetObject\",\"s3:DeleteObject\",\"s3:ListBucket\"],\"Effect\":\"Allow\",\"Resource\":[\"arn:aws:s3:::amenity-media-793314585930-us-east-2-an\",\"arn:aws:s3:::amenity-media-793314585930-us-east-2-an/*\"]}]}"
              },
              {
                "name": "NycNow-SSM-Parameter-Policy",
                "policy": "{\"Version\":\"2012-10-17\",\"Statement\":[{\"Action\":[\"ssm:GetParameter\",\"ssm:GetParameters\",\"ssm:GetParametersByPath\"],\"Effect\":\"Allow\",\"Resource\":[\"arn:aws:ssm:us-east-2:*:parameter/nycnow/env/feature\",\"arn:aws:ssm:us-east-2:*:parameter/nycnow/env/ssl/*\"]}]}"
              }
            ],
            "managed_policy_arns": [
              "arn:aws:iam::aws:policy/AmazonSSMManagedInstanceCore"
            ],
            "max_session_duration": 3600,
            "name": "NycNow-EC2-SSM-Role",
            "name_prefix": "",
            "path": "/",
            "permissions_boundary": "",
            "tags": {},
            "tags_all": {},
            "unique_id": "AROA3RNJ35VFPWBDSCIAR"
          },
          "sensitive_attributes": [],
          "identity_schema_version": 0,
          "private": "bnVsbA=="
        }
      ]
    },
    {
      "mode": "managed",
      "type": "aws_iam_role",
      "name": "github_actions_role",
      "provider": "provider[\"registry.terraform.io/hashicorp/aws\"]",
      "instances": [
        {
          "schema_version": 0,
          "attributes": {
            "arn": "arn:aws:iam::793314585930:role/NycNow-GitHub-Actions-SSM-Role",
            "assume_role_policy": "{\"Statement\":[{\"Action\":\"sts:AssumeRoleWithWebIdentity\",\"Condition\":{\"StringEquals\":{\"token.actions.githubusercontent.com:aud\":\"sts.amazonaws.com\"},\"StringLike\":{\"token.actions.githubusercontent.com:sub\":\"repo:ajslezak/team1-mon-spring26:*\"}},\"Effect\":\"Allow\",\"Principal\":{\"Federated\":\"arn:aws:iam::793314585930:oidc-provider/token.actions.githubusercontent.com\"}}],\"Version\":\"2012-10-17\"}",
            "create_date": "2026-04-09T05:05:17Z",
            "description": "",
            "force_detach_policies": false,
            "id": "NycNow-GitHub-Actions-SSM-Role",
            "inline_policy": [
              {
                "name": "NycNow-GitHub-SSM-Policy",
                "policy": "{\"Version\":\"2012-10-17\",\"Statement\":[{\"Action\":[\"ssm:SendCommand\",\"ssm:GetCommandInvocation\",\"ssm:ListCommandInvocations\",\"ssm:DescribeInstanceInformation\",\"ec2:DescribeInstances\"],\"Effect\":\"Allow\",\"Resource\":\"*\"}]}"
              }
            ],
            "managed_policy_arns": [],
            "max_session_duration": 3600,
            "name": "NycNow-GitHub-Actions-SSM-Role",
            "name_prefix": "",
            "path": "/",
            "permissions_boundary": "",
            "tags": {},
            "tags_all": {},
            "unique_id": "AROA3RNJ35VFL36HBOBVW"
          },
          "sensitive_attributes": [],
          "identity_schema_version": 0,
          "private": "bnVsbA==",
          "dependencies": [
            "data.aws_caller_identity.current"
          ]
        }
      ]
    },
    {
      "mode": "managed",
      "type": "aws_iam_role_policy",
      "name": "ec2_ipv6_policy",
      "provider": "provider[\"registry.terraform.io/hashicorp/aws\"]",
      "instances": [
        {
          "schema_version": 0,
          "attributes": {
            "id": "NycNow-EC2-SSM-Role:NycNow-EC2-IPv6-Policy",
            "name": "NycNow-EC2-IPv6-Policy",
            "name_prefix": "",
            "policy": "{\"Version\":\"2012-10-17\",\"Statement\":[{\"Action\":[\"ec2:AssignIpv6Addresses\",\"ec2:DescribeNetworkInterfaces\"],\"Effect\":\"Allow\",\"Resource\":\"*\"}]}",
            "role": "NycNow-EC2-SSM-Role"
          },
          "sensitive_attributes": [],
          "identity_schema_version": 0,
          "private": "bnVsbA==",
          "dependencies": [
            "aws_iam_role.ec2_role"
          ]
        }
      ]
    },
    {
      "mode": "managed",
      "type": "aws_iam_role_policy",
      "name": "github_ssm_policy",
      "provider": "provider[\"registry.terraform.io/hashicorp/aws\"]",
      "instances": [
        {
          "schema_version": 0,
          "attributes": {
            "id": "NycNow-GitHub-Actions-SSM-Role:NycNow-GitHub-SSM-Policy",
            "name": "NycNow-GitHub-SSM-Policy",
            "name_prefix": "",
            "policy": "{\"Version\":\"2012-10-17\",\"Statement\":[{\"Action\":[\"ssm:SendCommand\",\"ssm:GetCommandInvocation\",\"ssm:ListCommandInvocations\",\"ssm:DescribeInstanceInformation\",\"ec2:DescribeInstances\"],\"Effect\":\"Allow\",\"Resource\":\"*\"}]}",
            "role": "NycNow-GitHub-Actions-SSM-Role"
          },
          "sensitive_attributes": [],
          "identity_schema_version": 0,
          "private": "bnVsbA==",
          "dependencies": [
            "aws_iam_role.github_actions_role",
            "data.aws_caller_identity.current"
          ]
        }
      ]
    },
    {
      "mode": "managed",
      "type": "aws_iam_role_policy",
      "name": "s3_access_policy",
      "provider": "provider[\"registry.terraform.io/hashicorp/aws\"]",
      "instances": [
        {
          "schema_version": 0,
          "attributes": {
            "id": "NycNow-EC2-SSM-Role:NycNow-EC2-S3-Policy",
            "name": "NycNow-EC2-S3-Policy",
            "name_prefix": "",
            "policy": "{\"Version\":\"2012-10-17\",\"Statement\":[{\"Action\":[\"s3:PutObject\",\"s3:GetObject\",\"s3:DeleteObject\",\"s3:ListBucket\"],\"Effect\":\"Allow\",\"Resource\":[\"arn:aws:s3:::amenity-media-793314585930-us-east-2-an\",\"arn:aws:s3:::amenity-media-793314585930-us-east-2-an/*\"]}]}",
            "role": "NycNow-EC2-SSM-Role"
          },
          "sensitive_attributes": [],
          "identity_schema_version": 0,
          "private": "bnVsbA==",
          "dependencies": [
            "aws_iam_role.ec2_role"
          ]
        }
      ]
    },
    {
      "mode": "managed",
      "type": "aws_iam_role_policy",
      "name": "ssm_parameter_policy",
      "provider": "provider[\"registry.terraform.io/hashicorp/aws\"]",
      "instances": [
        {
          "schema_version": 0,
          "attributes": {
            "id": "NycNow-EC2-SSM-Role:NycNow-SSM-Parameter-Policy",
            "name": "NycNow-SSM-Parameter-Policy",
            "name_prefix": "",
            "policy": "{\"Version\":\"2012-10-17\",\"Statement\":[{\"Action\":[\"ssm:GetParameter\",\"ssm:GetParameters\",\"ssm:GetParametersByPath\"],\"Effect\":\"Allow\",\"Resource\":[\"arn:aws:ssm:us-east-2:*:parameter/nycnow/env/feature\",\"arn:aws:ssm:us-east-2:*:parameter/nycnow/env/ssl/*\"]}]}",
            "role": "NycNow-EC2-SSM-Role"
          },
          "sensitive_attributes": [],
          "identity_schema_version": 0,
          "private": "bnVsbA==",
          "dependencies": [
            "aws_iam_role.ec2_role"
          ]
        }
      ]
    },
    {
      "mode": "managed",
      "type": "aws_iam_role_policy_attachment",
      "name": "ssm_core",
      "provider": "provider[\"registry.terraform.io/hashicorp/aws\"]",
      "instances": [
        {
          "schema_version": 0,
          "attributes": {
            "id": "NycNow-EC2-SSM-Role-20260409050517920400000002",
            "policy_arn": "arn:aws:iam::aws:policy/AmazonSSMManagedInstanceCore",
            "role": "NycNow-EC2-SSM-Role"
          },
          "sensitive_attributes": [],
          "identity_schema_version": 0,
          "private": "bnVsbA==",
          "dependencies": [
            "aws_iam_role.ec2_role"
          ]
        }
      ]
    },
    {
      "mode": "managed",
      "type": "aws_launch_template",
      "name": "app_lt",
      "provider": "provider[\"registry.terraform.io/hashicorp/aws\"]",
      "instances": [
        {
          "schema_version": 0,
          "attributes": {
            "arn": "arn:aws:ec2:us-east-2:793314585930:launch-template/lt-085c7f219a27414fb",
            "block_device_mappings": [],
            "capacity_reservation_specification": [],
            "cpu_options": [],
            "credit_specification": [],
            "default_version": 1,
            "description": "",
            "disable_api_stop": false,
            "disable_api_termination": false,
            "ebs_optimized": "",
            "elastic_gpu_specifications": [],
            "elastic_inference_accelerator": [],
            "enclave_options": [],
            "hibernation_options": [],
            "iam_instance_profile": [
              {
                "arn": "",
                "name": "NycNow-EC2-Profile"
              }
            ],
            "id": "lt-085c7f219a27414fb",
            "image_id": "ami-01e06eb78a94a2c91",
            "instance_initiated_shutdown_behavior": "",
            "instance_market_options": [
              {
                "market_type": "spot",
                "spot_options": [
                  {
                    "block_duration_minutes": 0,
                    "instance_interruption_behavior": "",
                    "max_price": "0.005",
                    "spot_instance_type": "",
                    "valid_until": ""
                  }
                ]
              }
            ],
            "instance_requirements": [],
            "instance_type": "t4g.small",
            "kernel_id": "",
            "key_name": "cloudflare-access",
            "latest_version": 18,
            "license_specification": [],
            "maintenance_options": [],
            "metadata_options": [],
            "monitoring": [],
            "name": "nycnow-lt-20260409050523959500000003",
            "name_prefix": "nycnow-lt-",
            "network_interfaces": [
              {
                "associate_carrier_ip_address": "",
                "associate_public_ip_address": "false",
                "connection_tracking_specification": [],
                "delete_on_termination": "",
                "description": "",
                "device_index": 0,
                "ena_srd_specification": [],
                "interface_type": "",
                "ipv4_address_count": 0,
                "ipv4_addresses": [],
                "ipv4_prefix_count": 0,
                "ipv4_prefixes": [],
                "ipv6_address_count": 1,
                "ipv6_addresses": [],
                "ipv6_prefix_count": 0,
                "ipv6_prefixes": [],
                "network_card_index": 0,
                "network_interface_id": "",
                "primary_ipv6": "",
                "private_ip_address": "",
                "security_groups": [
                  "sg-02aa427d1eb6d0770"
                ],
                "subnet_id": ""
              }
            ],
            "placement": [],
            "private_dns_name_options": [
              {
                "enable_resource_name_dns_a_record": true,
                "enable_resource_name_dns_aaaa_record": true,
                "hostname_type": "ip-name"
              }
            ],
            "ram_disk_id": "",
            "security_group_names": [],
            "tag_specifications": [],
            "tags": {},
            "tags_all": {},
            "update_default_version": null,
            "user_data": "IyEvYmluL2Jhc2gKc2V0IC1lCgojIExvZyBhbGwgZXhlY3V0aW9uIGZvciBlYXNpZXIgZGVidWdnaW5nCmV4ZWMgPiA+KHRlZSAvdmFyL2xvZy91c2VyZGF0YS1leGVjdXRpb24ubG9nKSAyPiYxCgojIDEuIFN5c3RlbSBVcGRhdGVzICYgRGVwZW5kZW5jaWVzCmRuZiB1cGRhdGUgLXkKZG5mIGluc3RhbGwgLXkgZ2l0IHB5dGhvbjMuMTQgcHl0aG9uMy4xNC1waXAgbmdpbngKCiMgMi4gSW5zdGFsbCBDbG91ZGZsYXJlIFdBUlAgKFByb3ZpZGVzIG91dGJvdW5kIElQdjQgYWNjZXNzIGZvciBHaXRIdWIgYW5kIEFXUyBTU00pCmN1cmwgLWZzU2wgaHR0cHM6Ly9wa2cuY2xvdWRmbGFyZWNsaWVudC5jb20vY2xvdWRmbGFyZS13YXJwLWFzY2lpLnJlcG8gfCB0ZWUgL2V0Yy95dW0ucmVwb3MuZC9jbG91ZGZsYXJlLXdhcnAucmVwbwpkbmYgaW5zdGFsbCAteSBjbG91ZGZsYXJlLXdhcnAKc3lzdGVtY3RsIGVuYWJsZSAtLW5vdyB3YXJwLXN2YwpzbGVlcCAyCndhcnAtY2xpIC0tYWNjZXB0LXRvcyByZWdpc3RyYXRpb24gbmV3IHx8IHRydWUKIyBFeGNsdWRlIGFsbCBJUHY2IHRyYWZmaWMgZnJvbSB0aGUgdHVubmVsIHNvIG5hdGl2ZSBJUHY2IChsaWtlIHlvdXIgU1NIIGNvbm5lY3Rpb24pIHJvdXRlcyBkaXJlY3RseQojIFRyeWluZyBvbGRlciBhbmQgbmV3ZXIgdjIwMjQrIENMSSBzeW50YXhlcyBzaW5jZSBDbG91ZGZsYXJlIGNoYW5nZWQgdGhlIGNvbW1hbmQKd2FycC1jbGkgLS1hY2NlcHQtdG9zIHR1bm5lbCBpcCBhZGQtcmFuZ2UgOjovMAp3YXJwLWNsaSAtLWFjY2VwdC10b3MgY29ubmVjdCB8fCB0cnVlCnNsZWVwIDUgIyBHaXZlIHRoZSBkYWVtb24gYSBmZXcgc2Vjb25kcyB0byBlc3RhYmxpc2ggdGhlIElQdjQgdHVubmVsCgojIDMuIEdldCB0aGUgYXNzaWduZWQgSVB2NiBhZGRyZXNzIGZyb20gQVdTIEluc3RhbmNlIE1ldGFkYXRhClRPS0VOPSQoY3VybCAtcyAtWCBQVVQgImh0dHA6Ly8xNjkuMjU0LjE2OS4yNTQvbGF0ZXN0L2FwaS90b2tlbiIgLUggIlgtYXdzLWVjMi1tZXRhZGF0YS10b2tlbi10dGwtc2Vjb25kczogMjE2MDAiKQpNQUM9JChjdXJsIC1zIC1IICJYLWF3cy1lYzItbWV0YWRhdGEtdG9rZW46ICRUT0tFTiIgaHR0cDovLzE2OS4yNTQuMTY5LjI1NC9sYXRlc3QvbWV0YS1kYXRhL21hYykKCmZvciBpIGluIHsxLi4xMH07IGRvCiAgSVBWNj0kKGN1cmwgLXMgLWYgLUggIlgtYXdzLWVjMi1tZXRhZGF0YS10b2tlbjogJFRPS0VOIiBodHRwOi8vMTY5LjI1NC4xNjkuMjU0L2xhdGVzdC9tZXRhLWRhdGEvbmV0d29yay9pbnRlcmZhY2VzL21hY3MvJE1BQy9pcHY2cyB8IGhlYWQgLW4gMSB8fCB0cnVlKQogIGlmIFsgLW4gIiRJUFY2IiBdICYmIFtbICIkSVBWNiIgIT0gKiJOb3QgRm91bmQiKiBdXSAmJiBbWyAiJElQVjYiICE9ICoiPD94bWwiKiBdXTsgdGhlbiBicmVhazsgZmkKICBlY2hvICJXYWl0aW5nIGZvciBJUHY2IGFkZHJlc3MgdG8gYmUgYXNzaWduZWQuLi4iCiAgc2xlZXAgMgpkb25lCgojIDQuIFNldHVwIFVzZXIgQXBwbGljYXRpb24gRGlyZWN0b3J5ICYgRmV0Y2ggU2VjcmV0cwpta2RpciAtcCAvaG9tZS9lYzItdXNlci9hcHAKY2hvd24gLVIgZWMyLXVzZXI6ZWMyLXVzZXIgL2hvbWUvZWMyLXVzZXIvYXBwCgpSRUdJT049JChjdXJsIC1zIC1IICJYLWF3cy1lYzItbWV0YWRhdGEtdG9rZW46ICRUT0tFTiIgaHR0cDovLzE2OS4yNTQuMTY5LjI1NC9sYXRlc3QvbWV0YS1kYXRhL3BsYWNlbWVudC9yZWdpb24pCmF3cyBzc20gZ2V0LXBhcmFtZXRlciAtLW5hbWUgIi9ueWNub3cvZW52L2ZlYXR1cmUiIC0td2l0aC1kZWNyeXB0aW9uIC0tcXVlcnkgIlBhcmFtZXRlci5WYWx1ZSIgLS1vdXRwdXQgdGV4dCAtLXJlZ2lvbiAkUkVHSU9OID4gL2hvbWUvZWMyLXVzZXIvYXBwLy5lbnYKCmNob3duIGVjMi11c2VyOmVjMi11c2VyIC9ob21lL2VjMi11c2VyL2FwcC8uZW52CmNobW9kIDYwMCAvaG9tZS9lYzItdXNlci9hcHAvLmVudgoKIyBMb2FkIHNlY3JldHMgaW50byBjdXJyZW50IHNoZWxsCnNldCAtYQpzb3VyY2UgL2hvbWUvZWMyLXVzZXIvYXBwLy5lbnYKc2V0ICthCgojIDUuIER5bmFtaWNhbGx5IHVwZGF0ZSBDbG91ZGZsYXJlIEROUyBSZWNvcmRzCkNGX0FQSV9VUkw9Imh0dHBzOi8vYXBpLmNsb3VkZmxhcmUuY29tL2NsaWVudC92NC96b25lcy8ke0NGX1pPTkVfSUR9L2Ruc19yZWNvcmRzIgoKdXBkYXRlX2Nsb3VkZmxhcmVfcmVjb3JkKCkgewogIGxvY2FsIHJlY29yZF90eXBlPSQxCiAgbG9jYWwgcmVjb3JkX25hbWU9JDIKICBsb2NhbCByZWNvcmRfY29udGVudD0kMwogIGxvY2FsIHByb3hpZWQ9JDQKICAKICBpZiBbIC16ICIkcmVjb3JkX2NvbnRlbnQiIF07IHRoZW4KICAgIGVjaG8gIk5vIHZhbGlkIGNvbnRlbnQgZm91bmQgZm9yICRyZWNvcmRfdHlwZSByZWNvcmQgJHJlY29yZF9uYW1lLiBTa2lwcGluZy4iCiAgICByZXR1cm4KICBmaQoKICBlY2hvICJVcGRhdGluZyBDbG91ZGZsYXJlICRyZWNvcmRfdHlwZSBSZWNvcmQgJHJlY29yZF9uYW1lIHRvICRyZWNvcmRfY29udGVudCAocHJveGllZDogJHByb3hpZWQpLi4uIgogIFJFQ09SRF9JRD0kKGN1cmwgLXMgLVggR0VUICIkQ0ZfQVBJX1VSTD90eXBlPSRyZWNvcmRfdHlwZSZuYW1lPSRyZWNvcmRfbmFtZSIgXAogICAgLUggIkF1dGhvcml6YXRpb246IEJlYXJlciAke0NGX0FQSV9UT0tFTn0iIFwKICAgIC1IICJDb250ZW50LVR5cGU6IGFwcGxpY2F0aW9uL2pzb24iIHwgZ3JlcCAtbyAnImlkIjoiW14iXSonIHwgaGVhZCAtbiAxIHwgY3V0IC1kJyInIC1mNCkKCiAgbG9jYWwgSFRUUF9NRVRIT0Q9IlBPU1QiCiAgbG9jYWwgVVJMX1BBVEg9IiRDRl9BUElfVVJMIgogIGlmIFsgLW4gIiRSRUNPUkRfSUQiIF07IHRoZW4KICAgIEhUVFBfTUVUSE9EPSJQVVQiCiAgICBVUkxfUEFUSD0iJENGX0FQSV9VUkwvJFJFQ09SRF9JRCIKICBmaQoKICBSRVNVTFQ9JChjdXJsIC1zIC1YICRIVFRQX01FVEhPRCAiJFVSTF9QQVRIIiAtSCAiQXV0aG9yaXphdGlvbjogQmVhcmVyICR7Q0ZfQVBJX1RPS0VOfSIgLUggIkNvbnRlbnQtVHlwZTogYXBwbGljYXRpb24vanNvbiIgLS1kYXRhICJ7XCJ0eXBlXCI6XCIkcmVjb3JkX3R5cGVcIixcIm5hbWVcIjpcIiRyZWNvcmRfbmFtZVwiLFwiY29udGVudFwiOlwiJHJlY29yZF9jb250ZW50XCIsXCJ0dGxcIjoxLFwicHJveGllZFwiOiRwcm94aWVkfSIpCiAgZWNobyAiQ2xvdWRmbGFyZSBBUEkgUmVzcG9uc2U6ICRSRVNVTFQiCn0KCnVwZGF0ZV9jbG91ZGZsYXJlX3JlY29yZCAiQUFBQSIgInY2LSR7Q0ZfUkVDT1JEX05BTUV9IiAiJHtJUFY2fSIgInRydWUiCnVwZGF0ZV9jbG91ZGZsYXJlX3JlY29yZCAiQUFBQSIgInNzaC4ke0NGX1JFQ09SRF9OQU1FfSIgIiR7SVBWNn0iICJmYWxzZSIKdXBkYXRlX2Nsb3VkZmxhcmVfcmVjb3JkICJDTkFNRSIgIiR7Q0ZfUkVDT1JEX05BTUV9IiAidjYtJHtDRl9SRUNPUkRfTkFNRX0iICJ0cnVlIgoKIyA2LiBSZXN0YXJ0IEFXUyBTU00gQWdlbnQgdG8gaW5zdGFudGx5IHJlZ2lzdGVyIG92ZXIgdGhlIG5ldyBXQVJQIElQdjQgdHVubmVsCnN5c3RlbWN0bCByZXN0YXJ0IGFtYXpvbi1zc20tYWdlbnQKCiMgNy4gUHJvdmlzaW9uIFN5c3RlbWQgU2VydmljZXMgYW5kIE5naW54CmNhdCA8PCAnRU9GJyA+IC9ldGMvc3lzdGVtZC9zeXN0ZW0vZGphbmdvLXdzZ2kuc2VydmljZQpbVW5pdF0KRGVzY3JpcHRpb249R3VuaWNvcm4gZGFlbW9uIGZvciBEamFuZ28gV1NHSQpBZnRlcj1uZXR3b3JrLnRhcmdldAoKW1NlcnZpY2VdClVzZXI9ZWMyLXVzZXIKR3JvdXA9ZWMyLXVzZXIKV29ya2luZ0RpcmVjdG9yeT0vaG9tZS9lYzItdXNlci9hcHAKRW52aXJvbm1lbnRGaWxlPS9ob21lL2VjMi11c2VyL2FwcC8uZW52CkV4ZWNTdGFydD0vaG9tZS9lYzItdXNlci9hcHAvdmVudi9iaW4vZ3VuaWNvcm4gZGphbmdvX21hcC53c2dpOmFwcGxpY2F0aW9uIC1jIGd1bmljb3JuX2NvbmZpZy5weQpSZXN0YXJ0PWFsd2F5cwpSZXN0YXJ0U2VjPTMKCltJbnN0YWxsXQpXYW50ZWRCeT1tdWx0aS11c2VyLnRhcmdldApFT0YKCmNhdCA8PCAnRU9GJyA+IC9ldGMvc3lzdGVtZC9zeXN0ZW0vZGphbmdvLWFzZ2kuc2VydmljZQpbVW5pdF0KRGVzY3JpcHRpb249VXZpY29ybiBkYWVtb24gZm9yIERqYW5nbyBBU0dJIChTU0UpCkFmdGVyPW5ldHdvcmsudGFyZ2V0CgpbU2VydmljZV0KVXNlcj1lYzItdXNlcgpHcm91cD1lYzItdXNlcgpXb3JraW5nRGlyZWN0b3J5PS9ob21lL2VjMi11c2VyL2FwcApFbnZpcm9ubWVudEZpbGU9L2hvbWUvZWMyLXVzZXIvYXBwLy5lbnYKRXhlY1N0YXJ0PS9ob21lL2VjMi11c2VyL2FwcC92ZW52L2Jpbi91dmljb3JuIGRqYW5nb19tYXAuYXNnaTphcHBsaWNhdGlvbiAtLWhvc3QgMTI3LjAuMC4xIC0tcG9ydCA4MDAxClJlc3RhcnQ9YWx3YXlzClJlc3RhcnRTZWM9MwoKW0luc3RhbGxdCldhbnRlZEJ5PW11bHRpLXVzZXIudGFyZ2V0CkVPRgoKIyBJbnN0YWxsIENsb3VkZmxhcmUgT3JpZ2luIENBIGNlcnRpZmljYXRlcyBmb3IgTmdpbngKbWtkaXIgLXAgL2V0Yy9wa2kvdGxzL2NlcnRzCgojIHB1bGwgZnJvbSBzc206IC9ldGMvcGtpL3Rscy9jZXJ0cy9zZXJ2ZXIuY3J0CmF3cyBzc20gZ2V0LXBhcmFtZXRlciAtLW5hbWUgIi9ueWNub3cvZW52L3NzbC9zZXJ2ZXIuY3J0IiAtLXdpdGgtZGVjcnlwdGlvbiAtLXF1ZXJ5ICJQYXJhbWV0ZXIuVmFsdWUiIC0tb3V0cHV0IHRleHQgLS1yZWdpb24gJFJFR0lPTiA+IC9ldGMvcGtpL3Rscy9jZXJ0cy9zZXJ2ZXIuY3J0CgojIHB1bGwgZnJvbSBzc206IC9ldGMvcGtpL3Rscy9jZXJ0cy9zZXJ2ZXIua2V5CmF3cyBzc20gZ2V0LXBhcmFtZXRlciAtLW5hbWUgIi9ueWNub3cvZW52L3NzbC9zZXJ2ZXIua2V5IiAtLXdpdGgtZGVjcnlwdGlvbiAtLXF1ZXJ5ICJQYXJhbWV0ZXIuVmFsdWUiIC0tb3V0cHV0IHRleHQgLS1yZWdpb24gJFJFR0lPTiA+IC9ldGMvcGtpL3Rscy9jZXJ0cy9zZXJ2ZXIua2V5CgpjaG1vZCA0MDAgL2V0Yy9wa2kvdGxzL2NlcnRzL3NlcnZlci5rZXkKIyAvZXRjL3BraS90bHMvY2VydHMvc2VydmVyLmNydCBpcyBwdWJsaWMKCiMgQ3JlYXRlIE9TTSBjYWNoZSBkaXJlY3RvcnkKbWtkaXIgLXAgL3Zhci9jYWNoZS9vc21fdGlsZV9jYWNoZQpjaG93biAtUiBuZ2lueDpuZ2lueCAvdmFyL2NhY2hlL29zbV90aWxlX2NhY2hlCgojIEFsbG93IE5naW54IHRvIGNvbm5lY3QgdG8gbG9jYWwgdXBzdHJlYW0gcG9ydHMgKDgwMDAvODAwMSkgdGhyb3VnaCBTRUxpbnV4CnNldHNlYm9vbCAtUCBodHRwZF9jYW5fbmV0d29ya19jb25uZWN0IDEgfHwgdHJ1ZQpzZXRzZWJvb2wgLVAgaHR0cGRfcmVhZF91c2VyX2NvbnRlbnQgMSB8fCB0cnVlCgpzeXN0ZW1jdGwgZGFlbW9uLXJlbG9hZApzeXN0ZW1jdGwgZW5hYmxlIGRqYW5nby13c2dpIGRqYW5nby1hc2dpIG5naW54CgojIChHaXRIdWIgQWN0aW9ucyBoYW5kbGVzIHRoZSByZXN0IG9uIGl0cyBuZXh0IHJ1biEp",
            "vpc_security_group_ids": []
          },
          "sensitive_attributes": [],
          "identity_schema_version": 0,
          "private": "bnVsbA==",
          "dependencies": [
            "aws_iam_instance_profile.ec2_profile",
            "aws_iam_role.ec2_role",
            "aws_security_group.app_sg",
            "data.aws_ami.al2023"
          ]
        }
      ]
    },
    {
      "mode": "managed",
      "type": "aws_security_group",
      "name": "app_sg",
      "provider": "provider[\"registry.terraform.io/hashicorp/aws\"]",
      "instances": [
        {
          "schema_version": 1,
          "attributes": {
            "arn": "arn:aws:ec2:us-east-2:793314585930:security-group/sg-02aa427d1eb6d0770",
            "description": "Web traffic ingress and API egress",
            "egress": [
              {
                "cidr_blocks": [
                  "0.0.0.0/0"
                ],
                "description": "",
                "from_port": 0,
                "ipv6_cidr_blocks": [
                  "::/0"
                ],
                "prefix_list_ids": [],
                "protocol": "-1",
                "security_groups": [],
                "self": false,
                "to_port": 0
              },
              {
                "cidr_blocks": [
                  "0.0.0.0/0"
                ],
                "description": "SMTP (STARTTLS) to smtp.google.com",
                "from_port": 587,
                "ipv6_cidr_blocks": [
                  "::/0"
                ],
                "prefix_list_ids": [],
                "protocol": "tcp",
                "security_groups": [],
                "self": false,
                "to_port": 587
              },
              {
                "cidr_blocks": [
                  "0.0.0.0/0"
                ],
                "description": "SMTP (TLS) to smtp.google.com",
                "from_port": 465,
                "ipv6_cidr_blocks": [
                  "::/0"
                ],
                "prefix_list_ids": [],
                "protocol": "tcp",
                "security_groups": [],
                "self": false,
                "to_port": 465
              }
            ],
            "id": "sg-02aa427d1eb6d0770",
            "ingress": [
              {
                "cidr_blocks": [
                  "73.115.20.106/32"
                ],
                "description": "",
                "from_port": 22,
                "ipv6_cidr_blocks": [],
                "prefix_list_ids": [],
                "protocol": "tcp",
                "security_groups": [],
                "self": false,
                "to_port": 22
              },
              {
                "cidr_blocks": [],
                "description": "",
                "from_port": -1,
                "ipv6_cidr_blocks": [
                  "::/0"
                ],
                "prefix_list_ids": [],
                "protocol": "icmpv6",
                "security_groups": [],
                "self": false,
                "to_port": -1
              },
              {
                "cidr_blocks": [],
                "description": "",
                "from_port": 22,
                "ipv6_cidr_blocks": [
                  "2601:2c3:c083:1ce0::/64"
                ],
                "prefix_list_ids": [],
                "protocol": "tcp",
                "security_groups": [],
                "self": false,
                "to_port": 22
              },
              {
                "cidr_blocks": [],
                "description": "",
                "from_port": 443,
                "ipv6_cidr_blocks": [
                  "::/0"
                ],
                "prefix_list_ids": [],
                "protocol": "tcp",
                "security_groups": [],
                "self": false,
                "to_port": 443
              },
              {
                "cidr_blocks": [],
                "description": "",
                "from_port": 80,
                "ipv6_cidr_blocks": [
                  "::/0"
                ],
                "prefix_list_ids": [],
                "protocol": "tcp",
                "security_groups": [],
                "self": false,
                "to_port": 80
              }
            ],
            "name": "nycnow-sg-20260409050517075300000001",
            "name_prefix": "nycnow-sg-",
            "owner_id": "793314585930",
            "revoke_rules_on_delete": false,
            "tags": {},
            "tags_all": {},
            "timeouts": null,
            "vpc_id": "vpc-07c8a71c98ccc8193"
          },
          "sensitive_attributes": [],
          "identity_schema_version": 0,
          "private": "eyJlMmJmYjczMC1lY2FhLTExZTYtOGY4OC0zNDM2M2JjN2M0YzAiOnsiY3JlYXRlIjo2MDAwMDAwMDAwMDAsImRlbGV0ZSI6OTAwMDAwMDAwMDAwfSwic2NoZW1hX3ZlcnNpb24iOiIxIn0="
        }
      ]
    },
    {
      "mode": "managed",
      "type": "aws_security_group_rule",
      "name": "rds_ingress",
      "provider": "provider[\"registry.terraform.io/hashicorp/aws\"]",
      "instances": [
        {
          "schema_version": 2,
          "attributes": {
            "cidr_blocks": null,
            "description": null,
            "from_port": 5432,
            "id": "sgrule-2820235143",
            "ipv6_cidr_blocks": null,
            "prefix_list_ids": null,
            "protocol": "tcp",
            "security_group_id": "sg-00e1cd87fdaea50cc",
            "security_group_rule_id": "sgr-08b15c5622179e456",
            "self": false,
            "source_security_group_id": "sg-02aa427d1eb6d0770",
            "timeouts": null,
            "to_port": 5432,
            "type": "ingress"
          },
          "sensitive_attributes": [],
          "identity_schema_version": 0,
          "private": "eyJlMmJmYjczMC1lY2FhLTExZTYtOGY4OC0zNDM2M2JjN2M0YzAiOnsiY3JlYXRlIjozMDAwMDAwMDAwMDB9LCJzY2hlbWFfdmVyc2lvbiI6IjIifQ==",
          "dependencies": [
            "aws_security_group.app_sg"
          ]
        }
      ]
    }
  ],
  "check_results": null
}
