{
  "version": 4,
  "terraform_version": "1.14.8",
  "serial": 83,
  "lineage": "575458fe-d08a-8bd4-a752-22146798fd9c",
  "outputs": {},
  "resources": [
    {
      "mode": "data",
      "type": "aws_ami",
      "name": "al2023",
      "provider": "provider[\"registry.terraform.io/hashicorp/aws\"]",
      "instances": [
        {
          "schema_version": 0,
          "attributes": {
            "architecture": "arm64",
            "arn": "arn:aws:ec2:us-east-2::image/ami-0143eb1e1c2193cf5",
            "block_device_mappings": [
              {
                "device_name": "/dev/xvda",
                "ebs": {
                  "delete_on_termination": "true",
                  "encrypted": "false",
                  "iops": "3000",
                  "snapshot_id": "snap-0452f9bae0b182726",
                  "throughput": "125",
                  "volume_initialization_rate": "0",
                  "volume_size": "8",
                  "volume_type": "gp3"
                },
                "no_device": "",
                "virtual_name": ""
              }
            ],
            "boot_mode": "uefi",
            "creation_date": "2026-04-06T16:32:56.000Z",
            "deprecation_time": "2026-07-05T16:38:00.000Z",
            "description": "Amazon Linux 2023 AMI 2023.11.20260406.2 arm64 HVM kernel-6.12",
            "ena_support": true,
            "executable_users": null,
            "filter": [
              {
                "name": "name",
                "values": [
                  "al2023-ami-2023.*-arm64"
                ]
              }
            ],
            "hypervisor": "xen",
            "id": "ami-0143eb1e1c2193cf5",
            "image_id": "ami-0143eb1e1c2193cf5",
            "image_location": "amazon/al2023-ami-2023.11.20260406.2-kernel-6.12-arm64",
            "image_owner_alias": "amazon",
            "image_type": "machine",
            "imds_support": "v2.0",
            "include_deprecated": false,
            "kernel_id": "",
            "last_launched_time": "",
            "most_recent": true,
            "name": "al2023-ami-2023.11.20260406.2-kernel-6.12-arm64",
            "name_regex": null,
            "owner_id": "137112412989",
            "owners": [
              "amazon"
            ],
            "platform": "",
            "platform_details": "Linux/UNIX",
            "product_codes": [],
            "public": true,
            "ramdisk_id": "",
            "root_device_name": "/dev/xvda",
            "root_device_type": "ebs",
            "root_snapshot_id": "snap-0452f9bae0b182726",
            "sriov_net_support": "simple",
            "state": "available",
            "state_reason": {
              "code": "UNSET",
              "message": "UNSET"
            },
            "tags": {},
            "timeouts": null,
            "tpm_support": "",
            "uefi_data": null,
            "usage_operation": "RunInstances",
            "virtualization_type": "hvm"
          },
          "sensitive_attributes": [],
          "identity_schema_version": 0
        }
      ]
    },
    {
      "mode": "data",
      "type": "aws_caller_identity",
      "name": "current",
      "provider": "provider[\"registry.terraform.io/hashicorp/aws\"]",
      "instances": [
        {
          "schema_version": 0,
          "attributes": {
            "account_id": "793314585930",
            "arn": "arn:aws:iam::793314585930:root",
            "id": "793314585930",
            "user_id": "793314585930"
          },
          "sensitive_attributes": [],
          "identity_schema_version": 0
        }
      ]
    },
    {
      "mode": "managed",
      "type": "aws_autoscaling_group",
      "name": "app_asg",
      "provider": "provider[\"registry.terraform.io/hashicorp/aws\"]",
      "instances": [
        {
          "schema_version": 1,
          "attributes": {
            "arn": "arn:aws:autoscaling:us-east-2:793314585930:autoScalingGroup:fecf5330-75d1-49e1-ab66-3938d9134557:autoScalingGroupName/nycnow-asg",
            "availability_zone_distribution": [
              {
                "capacity_distribution_strategy": "balanced-best-effort"
              }
            ],
            "availability_zones": [
              "us-east-2a",
              "us-east-2b",
              "us-east-2c"
            ],
            "capacity_rebalance": false,
            "capacity_reservation_specification": [
              {
                "capacity_reservation_preference": "default",
                "capacity_reservation_target": []
              }
            ],
            "context": "",
            "default_cooldown": 300,
            "default_instance_warmup": 0,
            "desired_capacity": 1,
            "desired_capacity_type": "",
            "enabled_metrics": [],
            "force_delete": false,
            "force_delete_warm_pool": false,
            "health_check_grace_period": 300,
            "health_check_type": "EC2",
            "id": "nycnow-asg",
            "ignore_failed_scaling_activities": false,
            "initial_lifecycle_hook": [],
            "instance_maintenance_policy": [],
            "instance_refresh": [],
            "launch_configuration": "",
            "launch_template": [
              {
                "id": "lt-085c7f219a27414fb",
                "name": "nycnow-lt-20260409050523959500000003",
                "version": "$Latest"
              }
            ],
            "load_balancers": [],
            "max_instance_lifetime": 0,
            "max_size": 1,
            "metrics_granularity": "1Minute",
            "min_elb_capacity": null,
            "min_size": 1,
            "mixed_instances_policy": [],
            "name": "nycnow-asg",
            "name_prefix": "",
            "placement_group": "",
            "predicted_capacity": 0,
            "protect_from_scale_in": false,
            "service_linked_role_arn": "arn:aws:iam::793314585930:role/aws-service-role/autoscaling.amazonaws.com/AWSServiceRoleForAutoScaling",
            "suspended_processes": [],
            "tag": [
              {
                "key": "App",
                "propagate_at_launch": true,
                "value": "NycNow"
              },
              {
                "key": "Environment",
                "propagate_at_launch": true,
                "value": "feature"
              }
            ],
            "target_group_arns": [],
            "termination_policies": [],
            "timeouts": null,
            "traffic_source": [],
            "vpc_zone_identifier": [
              "subnet-03d8e9c160a028070",
              "subnet-0c0324a6f2f783d0a",
              "subnet-0c9a12072bdfec2a5"
            ],
            "wait_for_capacity_timeout": "10m",
            "wait_for_elb_capacity": null,
            "warm_pool": [],
            "warm_pool_size": 0
          },
          "sensitive_attributes": [],
          "identity_schema_version": 0,
          "private": "eyJlMmJmYjczMC1lY2FhLTExZTYtOGY4OC0zNDM2M2JjN2M0YzAiOnsiZGVsZXRlIjo2MDAwMDAwMDAwMDAsInVwZGF0ZSI6NjAwMDAwMDAwMDAwfSwic2NoZW1hX3ZlcnNpb24iOiIxIn0=",
          "dependencies": [
            "aws_iam_instance_profile.ec2_profile",
            "aws_iam_role.ec2_role",
            "aws_launch_template.app_lt",
            "aws_security_group.app_sg",
            "data.aws_ami.al2023"
          ]
        }
      ]
    },
    {
      "mode": "managed",
      "type": "aws_iam_instance_profile",
      "name": "ec2_profile",
      "provider": "provider[\"registry.terraform.io/hashicorp/aws\"]",
      "instances": [
        {
          "schema_version": 0,
          "attributes": {
            "arn": "arn:aws:iam::793314585930:instance-profile/NycNow-EC2-Profile",
            "create_date": "2026-04-09T05:05:17Z",
            "id": "NycNow-EC2-Profile",
            "name": "NycNow-EC2-Profile",
            "name_prefix": "",
            "path": "/",
            "role": "NycNow-EC2-SSM-Role",
            "tags": {},
            "tags_all": {},
            "unique_id": "AIPA3RNJ35VFNXXCYEISA"
          },
          "sensitive_attributes": [],
          "identity_schema_version": 0,
          "private": "bnVsbA==",
          "dependencies": [
            "aws_iam_role.ec2_role"
          ]
        }
      ]
    },
    {
      "mode": "managed",
      "type": "aws_iam_role",
      "name": "ec2_role",
      "provider": "provider[\"registry.terraform.io/hashicorp/aws\"]",
      "instances": [
        {
          "schema_version": 0,
          "attributes": {
            "arn": "arn:aws:iam::793314585930:role/NycNow-EC2-SSM-Role",
            "assume_role_policy": "{\"Statement\":[{\"Action\":\"sts:AssumeRole\",\"Effect\":\"Allow\",\"Principal\":{\"Service\":\"ec2.amazonaws.com\"}}],\"Version\":\"2012-10-17\"}",
            "create_date": "2026-04-09T05:05:17Z",
            "description": "",
            "force_detach_policies": false,
            "id": "NycNow-EC2-SSM-Role",
            "inline_policy": [
              {
                "name": "NycNow-EC2-IPv6-Policy",
                "policy": "{\"Version\":\"2012-10-17\",\"Statement\":[{\"Action\":[\"ec2:AssignIpv6Addresses\",\"ec2:DescribeNetworkInterfaces\"],\"Effect\":\"Allow\",\"Resource\":\"*\"}]}"
              },
              {
                "name": "NycNow-SSM-Parameter-Policy",
                "policy": "{\"Version\":\"2012-10-17\",\"Statement\":[{\"Action\":\"ssm:GetParameter\",\"Effect\":\"Allow\",\"Resource\":\"arn:aws:ssm:us-east-2:*:parameter/nycnow/env/feature\"}]}"
              }
            ],
            "managed_policy_arns": [
              "arn:aws:iam::aws:policy/AmazonSSMManagedInstanceCore"
            ],
            "max_session_duration": 3600,
            "name": "NycNow-EC2-SSM-Role",
            "name_prefix": "",
            "path": "/",
            "permissions_boundary": "",
            "tags": {},
            "tags_all": {},
            "unique_id": "AROA3RNJ35VFPWBDSCIAR"
          },
          "sensitive_attributes": [],
          "identity_schema_version": 0,
          "private": "bnVsbA=="
        }
      ]
    },
    {
      "mode": "managed",
      "type": "aws_iam_role",
      "name": "github_actions_role",
      "provider": "provider[\"registry.terraform.io/hashicorp/aws\"]",
      "instances": [
        {
          "schema_version": 0,
          "attributes": {
            "arn": "arn:aws:iam::793314585930:role/NycNow-GitHub-Actions-SSM-Role",
            "assume_role_policy": "{\"Statement\":[{\"Action\":\"sts:AssumeRoleWithWebIdentity\",\"Condition\":{\"StringEquals\":{\"token.actions.githubusercontent.com:aud\":\"sts.amazonaws.com\"},\"StringLike\":{\"token.actions.githubusercontent.com:sub\":\"repo:ajslezak/team1-mon-spring26:*\"}},\"Effect\":\"Allow\",\"Principal\":{\"Federated\":\"arn:aws:iam::793314585930:oidc-provider/token.actions.githubusercontent.com\"}}],\"Version\":\"2012-10-17\"}",
            "create_date": "2026-04-09T05:05:17Z",
            "description": "",
            "force_detach_policies": false,
            "id": "NycNow-GitHub-Actions-SSM-Role",
            "inline_policy": [
              {
                "name": "NycNow-GitHub-SSM-Policy",
                "policy": "{\"Version\":\"2012-10-17\",\"Statement\":[{\"Action\":[\"ssm:SendCommand\",\"ssm:GetCommandInvocation\",\"ssm:ListCommandInvocations\",\"ec2:DescribeInstances\"],\"Effect\":\"Allow\",\"Resource\":\"*\"}]}"
              }
            ],
            "managed_policy_arns": [],
            "max_session_duration": 3600,
            "name": "NycNow-GitHub-Actions-SSM-Role",
            "name_prefix": "",
            "path": "/",
            "permissions_boundary": "",
            "tags": {},
            "tags_all": {},
            "unique_id": "AROA3RNJ35VFL36HBOBVW"
          },
          "sensitive_attributes": [],
          "identity_schema_version": 0,
          "private": "bnVsbA==",
          "dependencies": [
            "data.aws_caller_identity.current"
          ]
        }
      ]
    },
    {
      "mode": "managed",
      "type": "aws_iam_role_policy",
      "name": "ec2_ipv6_policy",
      "provider": "provider[\"registry.terraform.io/hashicorp/aws\"]",
      "instances": [
        {
          "schema_version": 0,
          "attributes": {
            "id": "NycNow-EC2-SSM-Role:NycNow-EC2-IPv6-Policy",
            "name": "NycNow-EC2-IPv6-Policy",
            "name_prefix": "",
            "policy": "{\"Version\":\"2012-10-17\",\"Statement\":[{\"Action\":[\"ec2:AssignIpv6Addresses\",\"ec2:DescribeNetworkInterfaces\"],\"Effect\":\"Allow\",\"Resource\":\"*\"}]}",
            "role": "NycNow-EC2-SSM-Role"
          },
          "sensitive_attributes": [],
          "identity_schema_version": 0,
          "private": "bnVsbA==",
          "dependencies": [
            "aws_iam_role.ec2_role"
          ]
        }
      ]
    },
    {
      "mode": "managed",
      "type": "aws_iam_role_policy",
      "name": "github_ssm_policy",
      "provider": "provider[\"registry.terraform.io/hashicorp/aws\"]",
      "instances": [
        {
          "schema_version": 0,
          "attributes": {
            "id": "NycNow-GitHub-Actions-SSM-Role:NycNow-GitHub-SSM-Policy",
            "name": "NycNow-GitHub-SSM-Policy",
            "name_prefix": "",
            "policy": "{\"Version\":\"2012-10-17\",\"Statement\":[{\"Action\":[\"ssm:SendCommand\",\"ssm:GetCommandInvocation\",\"ssm:ListCommandInvocations\",\"ec2:DescribeInstances\"],\"Effect\":\"Allow\",\"Resource\":\"*\"}]}",
            "role": "NycNow-GitHub-Actions-SSM-Role"
          },
          "sensitive_attributes": [],
          "identity_schema_version": 0,
          "private": "bnVsbA==",
          "dependencies": [
            "aws_iam_role.github_actions_role",
            "data.aws_caller_identity.current"
          ]
        }
      ]
    },
    {
      "mode": "managed",
      "type": "aws_iam_role_policy",
      "name": "ssm_parameter_policy",
      "provider": "provider[\"registry.terraform.io/hashicorp/aws\"]",
      "instances": [
        {
          "schema_version": 0,
          "attributes": {
            "id": "NycNow-EC2-SSM-Role:NycNow-SSM-Parameter-Policy",
            "name": "NycNow-SSM-Parameter-Policy",
            "name_prefix": "",
            "policy": "{\"Version\":\"2012-10-17\",\"Statement\":[{\"Action\":\"ssm:GetParameter\",\"Effect\":\"Allow\",\"Resource\":\"arn:aws:ssm:us-east-2:*:parameter/nycnow/env/feature\"}]}",
            "role": "NycNow-EC2-SSM-Role"
          },
          "sensitive_attributes": [],
          "identity_schema_version": 0,
          "private": "bnVsbA==",
          "dependencies": [
            "aws_iam_role.ec2_role"
          ]
        }
      ]
    },
    {
      "mode": "managed",
      "type": "aws_iam_role_policy_attachment",
      "name": "ssm_core",
      "provider": "provider[\"registry.terraform.io/hashicorp/aws\"]",
      "instances": [
        {
          "schema_version": 0,
          "attributes": {
            "id": "NycNow-EC2-SSM-Role-20260409050517920400000002",
            "policy_arn": "arn:aws:iam::aws:policy/AmazonSSMManagedInstanceCore",
            "role": "NycNow-EC2-SSM-Role"
          },
          "sensitive_attributes": [],
          "identity_schema_version": 0,
          "private": "bnVsbA==",
          "dependencies": [
            "aws_iam_role.ec2_role"
          ]
        }
      ]
    },
    {
      "mode": "managed",
      "type": "aws_launch_template",
      "name": "app_lt",
      "provider": "provider[\"registry.terraform.io/hashicorp/aws\"]",
      "instances": [
        {
          "schema_version": 0,
          "attributes": {
            "arn": "arn:aws:ec2:us-east-2:793314585930:launch-template/lt-085c7f219a27414fb",
            "block_device_mappings": [],
            "capacity_reservation_specification": [],
            "cpu_options": [],
            "credit_specification": [],
            "default_version": 1,
            "description": "",
            "disable_api_stop": false,
            "disable_api_termination": false,
            "ebs_optimized": "",
            "elastic_gpu_specifications": [],
            "elastic_inference_accelerator": [],
            "enclave_options": [],
            "hibernation_options": [],
            "iam_instance_profile": [
              {
                "arn": "",
                "name": "NycNow-EC2-Profile"
              }
            ],
            "id": "lt-085c7f219a27414fb",
            "image_id": "ami-0143eb1e1c2193cf5",
            "instance_initiated_shutdown_behavior": "",
            "instance_market_options": [
              {
                "market_type": "spot",
                "spot_options": [
                  {
                    "block_duration_minutes": 0,
                    "instance_interruption_behavior": "",
                    "max_price": "0.005",
                    "spot_instance_type": "",
                    "valid_until": ""
                  }
                ]
              }
            ],
            "instance_requirements": [],
            "instance_type": "t4g.small",
            "kernel_id": "",
            "key_name": "cloudflare-access",
            "latest_version": 11,
            "license_specification": [],
            "maintenance_options": [],
            "metadata_options": [],
            "monitoring": [],
            "name": "nycnow-lt-20260409050523959500000003",
            "name_prefix": "nycnow-lt-",
            "network_interfaces": [
              {
                "associate_carrier_ip_address": "",
                "associate_public_ip_address": "false",
                "connection_tracking_specification": [],
                "delete_on_termination": "",
                "description": "",
                "device_index": 0,
                "ena_srd_specification": [],
                "interface_type": "",
                "ipv4_address_count": 0,
                "ipv4_addresses": [],
                "ipv4_prefix_count": 0,
                "ipv4_prefixes": [],
                "ipv6_address_count": 1,
                "ipv6_addresses": [],
                "ipv6_prefix_count": 0,
                "ipv6_prefixes": [],
                "network_card_index": 0,
                "network_interface_id": "",
                "primary_ipv6": "",
                "private_ip_address": "",
                "security_groups": [
                  "sg-02aa427d1eb6d0770"
                ],
                "subnet_id": ""
              }
            ],
            "placement": [],
            "private_dns_name_options": [
              {
                "enable_resource_name_dns_a_record": true,
                "enable_resource_name_dns_aaaa_record": true,
                "hostname_type": "ip-name"
              }
            ],
            "ram_disk_id": "",
            "security_group_names": [],
            "tag_specifications": [],
            "tags": {},
            "tags_all": {},
            "update_default_version": null,
            "user_data": "IyEvYmluL2Jhc2gKc2V0IC1lCgojIExvZyBhbGwgZXhlY3V0aW9uIGZvciBlYXNpZXIgZGVidWdnaW5nCmV4ZWMgPiA+KHRlZSAvdmFyL2xvZy91c2VyZGF0YS1leGVjdXRpb24ubG9nKSAyPiYxCgojIDEuIFN5c3RlbSBVcGRhdGVzICYgRGVwZW5kZW5jaWVzCmRuZiB1cGRhdGUgLXkKZG5mIGluc3RhbGwgLXkgZ2l0IHB5dGhvbjMgcGlwIG5naW54CgojIEluc3RhbGwgUGdCb3VuY2VyIHVzaW5nIHRoZSByZXBvc2l0b3J5IHByZXZpb3VzbHkgdXNlZCBpbiBFbGFzdGljIEJlYW5zdGFsawpkbmYgaW5zdGFsbCAteSBzcGFsLXJlbGVhc2UKZG5mIGluc3RhbGwgLXkgcGdib3VuY2VyCgojIDIuIEluc3RhbGwgQ2xvdWRmbGFyZSBXQVJQIChQcm92aWRlcyBvdXRib3VuZCBJUHY0IGFjY2VzcyBmb3IgR2l0SHViIGFuZCBBV1MgU1NNKQpjdXJsIC1mc1NsIGh0dHBzOi8vcGtnLmNsb3VkZmxhcmVjbGllbnQuY29tL2Nsb3VkZmxhcmUtd2FycC1hc2NpaS5yZXBvIHwgdGVlIC9ldGMveXVtLnJlcG9zLmQvY2xvdWRmbGFyZS13YXJwLnJlcG8KZG5mIGluc3RhbGwgLXkgY2xvdWRmbGFyZS13YXJwCnN5c3RlbWN0bCBlbmFibGUgLS1ub3cgd2FycC1zdmMKc2xlZXAgMgp3YXJwLWNsaSAtLWFjY2VwdC10b3MgcmVnaXN0cmF0aW9uIG5ldyB8fCB0cnVlCiMgRXhjbHVkZSBhbGwgSVB2NiB0cmFmZmljIGZyb20gdGhlIHR1bm5lbCBzbyBuYXRpdmUgSVB2NiAobGlrZSB5b3VyIFNTSCBjb25uZWN0aW9uKSByb3V0ZXMgZGlyZWN0bHkKIyBUcnlpbmcgb2xkZXIgYW5kIG5ld2VyIHYyMDI0KyBDTEkgc3ludGF4ZXMgc2luY2UgQ2xvdWRmbGFyZSBjaGFuZ2VkIHRoZSBjb21tYW5kCndhcnAtY2xpIC0tYWNjZXB0LXRvcyB0dW5uZWwgaXAgYWRkLXJhbmdlIDo6LzAKd2FycC1jbGkgLS1hY2NlcHQtdG9zIGNvbm5lY3QgfHwgdHJ1ZQpzbGVlcCA1ICMgR2l2ZSB0aGUgZGFlbW9uIGEgZmV3IHNlY29uZHMgdG8gZXN0YWJsaXNoIHRoZSBJUHY0IHR1bm5lbAoKIyAzLiBHZXQgdGhlIGFzc2lnbmVkIElQdjYgYWRkcmVzcyBmcm9tIEFXUyBJbnN0YW5jZSBNZXRhZGF0YQpUT0tFTj0kKGN1cmwgLXMgLVggUFVUICJodHRwOi8vMTY5LjI1NC4xNjkuMjU0L2xhdGVzdC9hcGkvdG9rZW4iIC1IICJYLWF3cy1lYzItbWV0YWRhdGEtdG9rZW4tdHRsLXNlY29uZHM6IDIxNjAwIikKTUFDPSQoY3VybCAtcyAtSCAiWC1hd3MtZWMyLW1ldGFkYXRhLXRva2VuOiAkVE9LRU4iIGh0dHA6Ly8xNjkuMjU0LjE2OS4yNTQvbGF0ZXN0L21ldGEtZGF0YS9tYWMpCgpmb3IgaSBpbiB7MS4uMTB9OyBkbwogIElQVjY9JChjdXJsIC1zIC1mIC1IICJYLWF3cy1lYzItbWV0YWRhdGEtdG9rZW46ICRUT0tFTiIgaHR0cDovLzE2OS4yNTQuMTY5LjI1NC9sYXRlc3QvbWV0YS1kYXRhL25ldHdvcmsvaW50ZXJmYWNlcy9tYWNzLyRNQUMvaXB2NnMgfCBoZWFkIC1uIDEgfHwgdHJ1ZSkKICBpZiBbIC1uICIkSVBWNiIgXSAmJiBbWyAiJElQVjYiICE9ICoiTm90IEZvdW5kIiogXV0gJiYgW1sgIiRJUFY2IiAhPSAqIjw/eG1sIiogXV07IHRoZW4gYnJlYWs7IGZpCiAgZWNobyAiV2FpdGluZyBmb3IgSVB2NiBhZGRyZXNzIHRvIGJlIGFzc2lnbmVkLi4uIgogIHNsZWVwIDIKZG9uZQoKIyA0LiBTZXR1cCBVc2VyIEFwcGxpY2F0aW9uIERpcmVjdG9yeSAmIEZldGNoIFNlY3JldHMKbWtkaXIgLXAgL2hvbWUvZWMyLXVzZXIvYXBwCmNob3duIC1SIGVjMi11c2VyOmVjMi11c2VyIC9ob21lL2VjMi11c2VyL2FwcAoKUkVHSU9OPSQoY3VybCAtcyAtSCAiWC1hd3MtZWMyLW1ldGFkYXRhLXRva2VuOiAkVE9LRU4iIGh0dHA6Ly8xNjkuMjU0LjE2OS4yNTQvbGF0ZXN0L21ldGEtZGF0YS9wbGFjZW1lbnQvcmVnaW9uKQphd3Mgc3NtIGdldC1wYXJhbWV0ZXIgLS1uYW1lICIvbnljbm93L2Vudi9mZWF0dXJlIiAtLXdpdGgtZGVjcnlwdGlvbiAtLXF1ZXJ5ICJQYXJhbWV0ZXIuVmFsdWUiIC0tb3V0cHV0IHRleHQgLS1yZWdpb24gJFJFR0lPTiA+IC9ob21lL2VjMi11c2VyL2FwcC8uZW52CgpjaG93biBlYzItdXNlcjplYzItdXNlciAvaG9tZS9lYzItdXNlci9hcHAvLmVudgpjaG1vZCA2MDAgL2hvbWUvZWMyLXVzZXIvYXBwLy5lbnYKCiMgTG9hZCBzZWNyZXRzIGludG8gY3VycmVudCBzaGVsbApzZXQgLWEKc291cmNlIC9ob21lL2VjMi11c2VyL2FwcC8uZW52CnNldCArYQoKIyA1LiBEeW5hbWljYWxseSB1cGRhdGUgQ2xvdWRmbGFyZSBETlMgUmVjb3JkcyAoUHJveGllZCkKQ0ZfQVBJX1VSTD0iaHR0cHM6Ly9hcGkuY2xvdWRmbGFyZS5jb20vY2xpZW50L3Y0L3pvbmVzLyR7Q0ZfWk9ORV9JRH0vZG5zX3JlY29yZHMiCgp1cGRhdGVfY2xvdWRmbGFyZV9yZWNvcmQoKSB7CiAgbG9jYWwgcmVjb3JkX3R5cGU9JDEKICBsb2NhbCBpcF9hZGRyZXNzPSQyCiAgCiAgaWYgWyAteiAiJGlwX2FkZHJlc3MiIF07IHRoZW4KICAgIGVjaG8gIk5vIHZhbGlkIElQIGZvdW5kIGZvciAkcmVjb3JkX3R5cGUgcmVjb3JkLiBTa2lwcGluZy4iCiAgICByZXR1cm4KICBmaQoKICBlY2hvICJVcGRhdGluZyBDbG91ZGZsYXJlICRyZWNvcmRfdHlwZSBSZWNvcmQgdG8gJGlwX2FkZHJlc3MuLi4iCiAgUkVDT1JEX0lEPSQoY3VybCAtcyAtWCBHRVQgIiRDRl9BUElfVVJMP3R5cGU9JHJlY29yZF90eXBlJm5hbWU9JHtDRl9SRUNPUkRfTkFNRX0iIFwKICAgIC1IICJBdXRob3JpemF0aW9uOiBCZWFyZXIgJHtDRl9BUElfVE9LRU59IiBcCiAgICAtSCAiQ29udGVudC1UeXBlOiBhcHBsaWNhdGlvbi9qc29uIiB8IGdyZXAgLW8gJyJpZCI6IlteIl0qJyB8IGhlYWQgLW4gMSB8IGN1dCAtZCciJyAtZjQpCgogIGxvY2FsIEhUVFBfTUVUSE9EPSJQT1NUIgogIGxvY2FsIFVSTF9QQVRIPSIkQ0ZfQVBJX1VSTCIKICBpZiBbIC1uICIkUkVDT1JEX0lEIiBdOyB0aGVuCiAgICBIVFRQX01FVEhPRD0iUFVUIgogICAgVVJMX1BBVEg9IiRDRl9BUElfVVJMLyRSRUNPUkRfSUQiCiAgZmkKCiAgUkVTVUxUPSQoY3VybCAtcyAtWCAkSFRUUF9NRVRIT0QgIiRVUkxfUEFUSCIgLUggIkF1dGhvcml6YXRpb246IEJlYXJlciAke0NGX0FQSV9UT0tFTn0iIC1IICJDb250ZW50LVR5cGU6IGFwcGxpY2F0aW9uL2pzb24iIC0tZGF0YSAie1widHlwZVwiOlwiJHJlY29yZF90eXBlXCIsXCJuYW1lXCI6XCIke0NGX1JFQ09SRF9OQU1FfVwiLFwiY29udGVudFwiOlwiJGlwX2FkZHJlc3NcIixcInR0bFwiOjEsXCJwcm94aWVkXCI6ZmFsc2V9IikKICBlY2hvICJDbG91ZGZsYXJlIEFQSSBSZXNwb25zZTogJFJFU1VMVCIKfQoKdXBkYXRlX2Nsb3VkZmxhcmVfcmVjb3JkICJBQUFBIiAiJHtJUFY2fSIKCiMgNi4gUmVzdGFydCBBV1MgU1NNIEFnZW50IHRvIGluc3RhbnRseSByZWdpc3RlciBvdmVyIHRoZSBuZXcgV0FSUCBJUHY0IHR1bm5lbApzeXN0ZW1jdGwgcmVzdGFydCBhbWF6b24tc3NtLWFnZW50CgojIDcuIFByb3Zpc2lvbiBTeXN0ZW1kIFNlcnZpY2VzIGFuZCBOZ2lueApjYXQgPDwgJ0VPRicgPiAvZXRjL3N5c3RlbWQvc3lzdGVtL2RqYW5nby13c2dpLnNlcnZpY2UKW1VuaXRdCkRlc2NyaXB0aW9uPUd1bmljb3JuIGRhZW1vbiBmb3IgRGphbmdvIFdTR0kKQWZ0ZXI9bmV0d29yay50YXJnZXQKCltTZXJ2aWNlXQpVc2VyPWVjMi11c2VyCkdyb3VwPWVjMi11c2VyCldvcmtpbmdEaXJlY3Rvcnk9L2hvbWUvZWMyLXVzZXIvYXBwCkVudmlyb25tZW50RmlsZT0vaG9tZS9lYzItdXNlci9hcHAvLmVudgpFeGVjU3RhcnQ9L2hvbWUvZWMyLXVzZXIvYXBwL3ZlbnYvYmluL2d1bmljb3JuIGRqYW5nb19tYXAud3NnaTphcHBsaWNhdGlvbiAtYyBndW5pY29ybl9jb25maWcucHkKUmVzdGFydD1hbHdheXMKUmVzdGFydFNlYz0zCgpbSW5zdGFsbF0KV2FudGVkQnk9bXVsdGktdXNlci50YXJnZXQKRU9GCgpjYXQgPDwgJ0VPRicgPiAvZXRjL3N5c3RlbWQvc3lzdGVtL2RqYW5nby1hc2dpLnNlcnZpY2UKW1VuaXRdCkRlc2NyaXB0aW9uPVV2aWNvcm4gZGFlbW9uIGZvciBEamFuZ28gQVNHSSAoU1NFKQpBZnRlcj1uZXR3b3JrLnRhcmdldAoKW1NlcnZpY2VdClVzZXI9ZWMyLXVzZXIKR3JvdXA9ZWMyLXVzZXIKV29ya2luZ0RpcmVjdG9yeT0vaG9tZS9lYzItdXNlci9hcHAKRW52aXJvbm1lbnRGaWxlPS9ob21lL2VjMi11c2VyL2FwcC8uZW52CkV4ZWNTdGFydD0vaG9tZS9lYzItdXNlci9hcHAvdmVudi9iaW4vdXZpY29ybiBkamFuZ29fbWFwLmFzZ2k6YXBwbGljYXRpb24gLS1ob3N0IDEyNy4wLjAuMSAtLXBvcnQgODAwMQpSZXN0YXJ0PWFsd2F5cwpSZXN0YXJ0U2VjPTMKCltJbnN0YWxsXQpXYW50ZWRCeT1tdWx0aS11c2VyLnRhcmdldApFT0YKCmNhdCA8PCAnRU9GJyA+IC9ldGMvbmdpbngvY29uZi5kL2RqYW5nby5jb25mCnNlcnZlciB7CiAgICBsaXN0ZW4gODA7CiAgICBzZXJ2ZXJfbmFtZSBhbWVuaXR5LmhlbHAgKi5hbWVuaXR5LmhlbHAgbG9jYWxob3N0OwogICAgbG9jYXRpb24gL3N0YXRpYy8geyBhbGlhcyAvaG9tZS9lYzItdXNlci9hcHAvc3RhdGljLzsgYWNjZXNzX2xvZyBvZmY7IGV4cGlyZXMgMzBkOyBhZGRfaGVhZGVyIENhY2hlLUNvbnRyb2wgInB1YmxpYywgbWF4LWFnZT0yNTkyMDAwIjsgfQogICAgbG9jYXRpb24gLyB7IHByb3h5X3Bhc3MgaHR0cDovLzEyNy4wLjAuMTo4MDAwOyBwcm94eV9zZXRfaGVhZGVyIEhvc3QgJGhvc3Q7IHByb3h5X3NldF9oZWFkZXIgWC1SZWFsLUlQICRyZW1vdGVfYWRkcjsgcHJveHlfc2V0X2hlYWRlciBYLUZvcndhcmRlZC1Gb3IgJHByb3h5X2FkZF94X2ZvcndhcmRlZF9mb3I7IHByb3h5X3NldF9oZWFkZXIgWC1Gb3J3YXJkZWQtUHJvdG8gaHR0cHM7IH0KICAgIGxvY2F0aW9uIC9hcGkvY2hhdHMvZXZlbnRzLyB7IHByb3h5X3Bhc3MgaHR0cDovLzEyNy4wLjAuMTo4MDAxOyBwcm94eV9zZXRfaGVhZGVyIEhvc3QgJGhvc3Q7IHByb3h5X3NldF9oZWFkZXIgWC1SZWFsLUlQICRyZW1vdGVfYWRkcjsgcHJveHlfc2V0X2hlYWRlciBYLUZvcndhcmRlZC1Gb3IgJHByb3h5X2FkZF94X2ZvcndhcmRlZF9mb3I7IHByb3h5X3NldF9oZWFkZXIgWC1Gb3J3YXJkZWQtUHJvdG8gaHR0cHM7IHByb3h5X3NldF9oZWFkZXIgQ29ubmVjdGlvbiAiIjsgcHJveHlfaHR0cF92ZXJzaW9uIDEuMTsgcHJveHlfcmVhZF90aW1lb3V0IDg2NDAwczsgcHJveHlfc2VuZF90aW1lb3V0IDg2NDAwczsgcHJveHlfYnVmZmVyaW5nIG9mZjsgcHJveHlfY2FjaGUgb2ZmOyBjaHVua2VkX3RyYW5zZmVyX2VuY29kaW5nIG9uOyB9Cn0KRU9GCgpzeXN0ZW1jdGwgZGFlbW9uLXJlbG9hZApzeXN0ZW1jdGwgZW5hYmxlIGRqYW5nby13c2dpIGRqYW5nby1hc2dpIG5naW54CgojIChHaXRIdWIgQWN0aW9ucyBoYW5kbGVzIHRoZSByZXN0IG9uIGl0cyBuZXh0IHJ1biEp",
            "vpc_security_group_ids": []
          },
          "sensitive_attributes": [],
          "identity_schema_version": 0,
          "private": "bnVsbA==",
          "dependencies": [
            "aws_iam_instance_profile.ec2_profile",
            "aws_iam_role.ec2_role",
            "aws_security_group.app_sg",
            "data.aws_ami.al2023"
          ]
        }
      ]
    },
    {
      "mode": "managed",
      "type": "aws_security_group",
      "name": "app_sg",
      "provider": "provider[\"registry.terraform.io/hashicorp/aws\"]",
      "instances": [
        {
          "schema_version": 1,
          "attributes": {
            "arn": "arn:aws:ec2:us-east-2:793314585930:security-group/sg-02aa427d1eb6d0770",
            "description": "Web traffic ingress and API egress",
            "egress": [
              {
                "cidr_blocks": [
                  "0.0.0.0/0"
                ],
                "description": "",
                "from_port": 0,
                "ipv6_cidr_blocks": [
                  "::/0"
                ],
                "prefix_list_ids": [],
                "protocol": "-1",
                "security_groups": [],
                "self": false,
                "to_port": 0
              }
            ],
            "id": "sg-02aa427d1eb6d0770",
            "ingress": [
              {
                "cidr_blocks": [],
                "description": "",
                "from_port": -1,
                "ipv6_cidr_blocks": [
                  "::/0"
                ],
                "prefix_list_ids": [],
                "protocol": "icmpv6",
                "security_groups": [],
                "self": false,
                "to_port": -1
              },
              {
                "cidr_blocks": [],
                "description": "",
                "from_port": 22,
                "ipv6_cidr_blocks": [
                  "2601:2c3:c083:1ce0:15ab:c4bd:6b73:3afd/128"
                ],
                "prefix_list_ids": [],
                "protocol": "tcp",
                "security_groups": [],
                "self": false,
                "to_port": 22
              },
              {
                "cidr_blocks": [],
                "description": "",
                "from_port": 443,
                "ipv6_cidr_blocks": [
                  "::/0"
                ],
                "prefix_list_ids": [],
                "protocol": "tcp",
                "security_groups": [],
                "self": false,
                "to_port": 443
              },
              {
                "cidr_blocks": [],
                "description": "",
                "from_port": 80,
                "ipv6_cidr_blocks": [
                  "::/0"
                ],
                "prefix_list_ids": [],
                "protocol": "tcp",
                "security_groups": [],
                "self": false,
                "to_port": 80
              }
            ],
            "name": "nycnow-sg-20260409050517075300000001",
            "name_prefix": "nycnow-sg-",
            "owner_id": "793314585930",
            "revoke_rules_on_delete": false,
            "tags": {},
            "tags_all": {},
            "timeouts": null,
            "vpc_id": "vpc-07c8a71c98ccc8193"
          },
          "sensitive_attributes": [],
          "identity_schema_version": 0,
          "private": "eyJlMmJmYjczMC1lY2FhLTExZTYtOGY4OC0zNDM2M2JjN2M0YzAiOnsiY3JlYXRlIjo2MDAwMDAwMDAwMDAsImRlbGV0ZSI6OTAwMDAwMDAwMDAwfSwic2NoZW1hX3ZlcnNpb24iOiIxIn0="
        }
      ]
    }
  ],
  "check_results": null
}
