{
  "version": 4,
  "terraform_version": "1.14.8",
  "serial": 20,
  "lineage": "575458fe-d08a-8bd4-a752-22146798fd9c",
  "outputs": {},
  "resources": [
    {
      "mode": "data",
      "type": "aws_ami",
      "name": "al2023",
      "provider": "provider[\"registry.terraform.io/hashicorp/aws\"]",
      "instances": [
        {
          "schema_version": 0,
          "attributes": {
            "architecture": "arm64",
            "arn": "arn:aws:ec2:us-east-2::image/ami-0143eb1e1c2193cf5",
            "block_device_mappings": [
              {
                "device_name": "/dev/xvda",
                "ebs": {
                  "delete_on_termination": "true",
                  "encrypted": "false",
                  "iops": "3000",
                  "snapshot_id": "snap-0452f9bae0b182726",
                  "throughput": "125",
                  "volume_initialization_rate": "0",
                  "volume_size": "8",
                  "volume_type": "gp3"
                },
                "no_device": "",
                "virtual_name": ""
              }
            ],
            "boot_mode": "uefi",
            "creation_date": "2026-04-06T16:32:56.000Z",
            "deprecation_time": "2026-07-05T16:38:00.000Z",
            "description": "Amazon Linux 2023 AMI 2023.11.20260406.2 arm64 HVM kernel-6.12",
            "ena_support": true,
            "executable_users": null,
            "filter": [
              {
                "name": "name",
                "values": [
                  "al2023-ami-2023.*-arm64"
                ]
              }
            ],
            "hypervisor": "xen",
            "id": "ami-0143eb1e1c2193cf5",
            "image_id": "ami-0143eb1e1c2193cf5",
            "image_location": "amazon/al2023-ami-2023.11.20260406.2-kernel-6.12-arm64",
            "image_owner_alias": "amazon",
            "image_type": "machine",
            "imds_support": "v2.0",
            "include_deprecated": false,
            "kernel_id": "",
            "last_launched_time": "",
            "most_recent": true,
            "name": "al2023-ami-2023.11.20260406.2-kernel-6.12-arm64",
            "name_regex": null,
            "owner_id": "137112412989",
            "owners": [
              "amazon"
            ],
            "platform": "",
            "platform_details": "Linux/UNIX",
            "product_codes": [],
            "public": true,
            "ramdisk_id": "",
            "root_device_name": "/dev/xvda",
            "root_device_type": "ebs",
            "root_snapshot_id": "snap-0452f9bae0b182726",
            "sriov_net_support": "simple",
            "state": "available",
            "state_reason": {
              "code": "UNSET",
              "message": "UNSET"
            },
            "tags": {},
            "timeouts": null,
            "tpm_support": "",
            "uefi_data": null,
            "usage_operation": "RunInstances",
            "virtualization_type": "hvm"
          },
          "sensitive_attributes": [],
          "identity_schema_version": 0
        }
      ]
    },
    {
      "mode": "data",
      "type": "aws_caller_identity",
      "name": "current",
      "provider": "provider[\"registry.terraform.io/hashicorp/aws\"]",
      "instances": [
        {
          "schema_version": 0,
          "attributes": {
            "account_id": "793314585930",
            "arn": "arn:aws:iam::793314585930:root",
            "id": "793314585930",
            "user_id": "793314585930"
          },
          "sensitive_attributes": [],
          "identity_schema_version": 0
        }
      ]
    },
    {
      "mode": "managed",
      "type": "aws_autoscaling_group",
      "name": "app_asg",
      "provider": "provider[\"registry.terraform.io/hashicorp/aws\"]",
      "instances": [
        {
          "schema_version": 1,
          "attributes": {
            "arn": "arn:aws:autoscaling:us-east-2:793314585930:autoScalingGroup:6836e4e5-0d10-4935-a9a2-2a7886766416:autoScalingGroupName/nycnow-asg",
            "availability_zone_distribution": [
              {
                "capacity_distribution_strategy": "balanced-best-effort"
              }
            ],
            "availability_zones": [
              "us-east-2a",
              "us-east-2b",
              "us-east-2c"
            ],
            "capacity_rebalance": false,
            "capacity_reservation_specification": [
              {
                "capacity_reservation_preference": "default",
                "capacity_reservation_target": []
              }
            ],
            "context": "",
            "default_cooldown": 300,
            "default_instance_warmup": 0,
            "desired_capacity": 1,
            "desired_capacity_type": "",
            "enabled_metrics": [],
            "force_delete": false,
            "force_delete_warm_pool": false,
            "health_check_grace_period": 300,
            "health_check_type": "EC2",
            "id": "nycnow-asg",
            "ignore_failed_scaling_activities": false,
            "initial_lifecycle_hook": [],
            "instance_maintenance_policy": [],
            "instance_refresh": [],
            "launch_configuration": "",
            "launch_template": [
              {
                "id": "lt-0f902faae57510a75",
                "name": "nycnow-lt-20260409023201884900000002",
                "version": "$Latest"
              }
            ],
            "load_balancers": [],
            "max_instance_lifetime": 0,
            "max_size": 1,
            "metrics_granularity": "1Minute",
            "min_elb_capacity": null,
            "min_size": 1,
            "mixed_instances_policy": [],
            "name": "nycnow-asg",
            "name_prefix": "",
            "placement_group": "",
            "predicted_capacity": 0,
            "protect_from_scale_in": false,
            "service_linked_role_arn": "arn:aws:iam::793314585930:role/aws-service-role/autoscaling.amazonaws.com/AWSServiceRoleForAutoScaling",
            "suspended_processes": [],
            "tag": [
              {
                "key": "App",
                "propagate_at_launch": true,
                "value": "NycNow"
              },
              {
                "key": "Environment",
                "propagate_at_launch": true,
                "value": "feature"
              }
            ],
            "target_group_arns": [],
            "termination_policies": [],
            "timeouts": null,
            "traffic_source": [],
            "vpc_zone_identifier": [
              "subnet-03d8e9c160a028070",
              "subnet-0c0324a6f2f783d0a",
              "subnet-0c9a12072bdfec2a5"
            ],
            "wait_for_capacity_timeout": "10m",
            "wait_for_elb_capacity": null,
            "warm_pool": [],
            "warm_pool_size": 0
          },
          "sensitive_attributes": [],
          "identity_schema_version": 0,
          "private": "eyJlMmJmYjczMC1lY2FhLTExZTYtOGY4OC0zNDM2M2JjN2M0YzAiOnsiZGVsZXRlIjo2MDAwMDAwMDAwMDAsInVwZGF0ZSI6NjAwMDAwMDAwMDAwfSwic2NoZW1hX3ZlcnNpb24iOiIxIn0=",
          "dependencies": [
            "aws_iam_instance_profile.ec2_profile",
            "aws_iam_role.ec2_role",
            "aws_launch_template.app_lt",
            "aws_security_group.app_sg",
            "data.aws_ami.al2023"
          ]
        }
      ]
    },
    {
      "mode": "managed",
      "type": "aws_iam_instance_profile",
      "name": "ec2_profile",
      "provider": "provider[\"registry.terraform.io/hashicorp/aws\"]",
      "instances": [
        {
          "schema_version": 0,
          "attributes": {
            "arn": "arn:aws:iam::793314585930:instance-profile/NycNow-EC2-Profile",
            "create_date": "2026-04-09T02:26:22Z",
            "id": "NycNow-EC2-Profile",
            "name": "NycNow-EC2-Profile",
            "name_prefix": "",
            "path": "/",
            "role": "NycNow-EC2-SSM-Role",
            "tags": {},
            "tags_all": {},
            "unique_id": "AIPA3RNJ35VFAIOCLRVAW"
          },
          "sensitive_attributes": [],
          "identity_schema_version": 0,
          "private": "bnVsbA==",
          "dependencies": [
            "aws_iam_role.ec2_role"
          ]
        }
      ]
    },
    {
      "mode": "managed",
      "type": "aws_iam_role",
      "name": "ec2_role",
      "provider": "provider[\"registry.terraform.io/hashicorp/aws\"]",
      "instances": [
        {
          "schema_version": 0,
          "attributes": {
            "arn": "arn:aws:iam::793314585930:role/NycNow-EC2-SSM-Role",
            "assume_role_policy": "{\"Statement\":[{\"Action\":\"sts:AssumeRole\",\"Effect\":\"Allow\",\"Principal\":{\"Service\":\"ec2.amazonaws.com\"}}],\"Version\":\"2012-10-17\"}",
            "create_date": "2026-04-09T02:26:22Z",
            "description": "",
            "force_detach_policies": false,
            "id": "NycNow-EC2-SSM-Role",
            "inline_policy": [
              {
                "name": "NycNow-SSM-Parameter-Policy",
                "policy": "{\"Version\":\"2012-10-17\",\"Statement\":[{\"Action\":\"ssm:GetParameter\",\"Effect\":\"Allow\",\"Resource\":\"arn:aws:ssm:us-east-2:*:parameter/nycnow/env/feature\"}]}"
              }
            ],
            "managed_policy_arns": [
              "arn:aws:iam::aws:policy/AmazonSSMManagedInstanceCore"
            ],
            "max_session_duration": 3600,
            "name": "NycNow-EC2-SSM-Role",
            "name_prefix": "",
            "path": "/",
            "permissions_boundary": "",
            "tags": {},
            "tags_all": {},
            "unique_id": "AROA3RNJ35VFKCA3BR6E6"
          },
          "sensitive_attributes": [],
          "identity_schema_version": 0,
          "private": "bnVsbA=="
        }
      ]
    },
    {
      "mode": "managed",
      "type": "aws_iam_role",
      "name": "github_actions_role",
      "provider": "provider[\"registry.terraform.io/hashicorp/aws\"]",
      "instances": [
        {
          "schema_version": 0,
          "attributes": {
            "arn": "arn:aws:iam::793314585930:role/NycNow-GitHub-Actions-SSM-Role",
            "assume_role_policy": "{\"Statement\":[{\"Action\":\"sts:AssumeRoleWithWebIdentity\",\"Condition\":{\"StringEquals\":{\"token.actions.githubusercontent.com:aud\":\"sts.amazonaws.com\"},\"StringLike\":{\"token.actions.githubusercontent.com:sub\":\"repo:ajslezak/team1-mon-spring26:*\"}},\"Effect\":\"Allow\",\"Principal\":{\"Federated\":\"arn:aws:iam::793314585930:oidc-provider/token.actions.githubusercontent.com\"}}],\"Version\":\"2012-10-17\"}",
            "create_date": "2026-04-09T02:26:22Z",
            "description": "",
            "force_detach_policies": false,
            "id": "NycNow-GitHub-Actions-SSM-Role",
            "inline_policy": [
              {
                "name": "NycNow-GitHub-SSM-Policy",
                "policy": "{\"Version\":\"2012-10-17\",\"Statement\":[{\"Action\":[\"ssm:SendCommand\",\"ssm:GetCommandInvocation\",\"ssm:ListCommandInvocations\",\"ec2:DescribeInstances\"],\"Effect\":\"Allow\",\"Resource\":\"*\"}]}"
              }
            ],
            "managed_policy_arns": [],
            "max_session_duration": 3600,
            "name": "NycNow-GitHub-Actions-SSM-Role",
            "name_prefix": "",
            "path": "/",
            "permissions_boundary": "",
            "tags": {},
            "tags_all": {},
            "unique_id": "AROA3RNJ35VFMCLXTR5SZ"
          },
          "sensitive_attributes": [],
          "identity_schema_version": 0,
          "private": "bnVsbA==",
          "dependencies": [
            "data.aws_caller_identity.current"
          ]
        }
      ]
    },
    {
      "mode": "managed",
      "type": "aws_iam_role_policy",
      "name": "ec2_ipv6_policy",
      "provider": "provider[\"registry.terraform.io/hashicorp/aws\"]",
      "instances": [
        {
          "schema_version": 0,
          "attributes": {
            "id": "NycNow-EC2-SSM-Role:NycNow-EC2-IPv6-Policy",
            "name": "NycNow-EC2-IPv6-Policy",
            "name_prefix": "",
            "policy": "{\"Version\":\"2012-10-17\",\"Statement\":[{\"Action\":[\"ec2:AssignIpv6Addresses\",\"ec2:DescribeNetworkInterfaces\"],\"Effect\":\"Allow\",\"Resource\":\"*\"}]}",
            "role": "NycNow-EC2-SSM-Role"
          },
          "sensitive_attributes": [],
          "identity_schema_version": 0,
          "private": "bnVsbA==",
          "dependencies": [
            "aws_iam_role.ec2_role"
          ]
        }
      ]
    },
    {
      "mode": "managed",
      "type": "aws_iam_role_policy",
      "name": "github_ssm_policy",
      "provider": "provider[\"registry.terraform.io/hashicorp/aws\"]",
      "instances": [
        {
          "schema_version": 0,
          "attributes": {
            "id": "NycNow-GitHub-Actions-SSM-Role:NycNow-GitHub-SSM-Policy",
            "name": "NycNow-GitHub-SSM-Policy",
            "name_prefix": "",
            "policy": "{\"Version\":\"2012-10-17\",\"Statement\":[{\"Action\":[\"ssm:SendCommand\",\"ssm:GetCommandInvocation\",\"ssm:ListCommandInvocations\",\"ec2:DescribeInstances\"],\"Effect\":\"Allow\",\"Resource\":\"*\"}]}",
            "role": "NycNow-GitHub-Actions-SSM-Role"
          },
          "sensitive_attributes": [],
          "identity_schema_version": 0,
          "private": "bnVsbA==",
          "dependencies": [
            "aws_iam_role.github_actions_role",
            "data.aws_caller_identity.current"
          ]
        }
      ]
    },
    {
      "mode": "managed",
      "type": "aws_iam_role_policy",
      "name": "ssm_parameter_policy",
      "provider": "provider[\"registry.terraform.io/hashicorp/aws\"]",
      "instances": [
        {
          "schema_version": 0,
          "attributes": {
            "id": "NycNow-EC2-SSM-Role:NycNow-SSM-Parameter-Policy",
            "name": "NycNow-SSM-Parameter-Policy",
            "name_prefix": "",
            "policy": "{\"Version\":\"2012-10-17\",\"Statement\":[{\"Action\":\"ssm:GetParameter\",\"Effect\":\"Allow\",\"Resource\":\"arn:aws:ssm:us-east-2:*:parameter/nycnow/env/feature\"}]}",
            "role": "NycNow-EC2-SSM-Role"
          },
          "sensitive_attributes": [],
          "identity_schema_version": 0,
          "private": "bnVsbA==",
          "dependencies": [
            "aws_iam_role.ec2_role"
          ]
        }
      ]
    },
    {
      "mode": "managed",
      "type": "aws_iam_role_policy_attachment",
      "name": "ssm_core",
      "provider": "provider[\"registry.terraform.io/hashicorp/aws\"]",
      "instances": [
        {
          "schema_version": 0,
          "attributes": {
            "id": "NycNow-EC2-SSM-Role-20260409022622968000000002",
            "policy_arn": "arn:aws:iam::aws:policy/AmazonSSMManagedInstanceCore",
            "role": "NycNow-EC2-SSM-Role"
          },
          "sensitive_attributes": [],
          "identity_schema_version": 0,
          "private": "bnVsbA==",
          "dependencies": [
            "aws_iam_role.ec2_role"
          ]
        }
      ]
    },
    {
      "mode": "managed",
      "type": "aws_launch_template",
      "name": "app_lt",
      "provider": "provider[\"registry.terraform.io/hashicorp/aws\"]",
      "instances": [
        {
          "schema_version": 0,
          "attributes": {
            "arn": "arn:aws:ec2:us-east-2:793314585930:launch-template/lt-0f902faae57510a75",
            "block_device_mappings": [],
            "capacity_reservation_specification": [],
            "cpu_options": [],
            "credit_specification": [],
            "default_version": 1,
            "description": "",
            "disable_api_stop": false,
            "disable_api_termination": false,
            "ebs_optimized": "",
            "elastic_gpu_specifications": [],
            "elastic_inference_accelerator": [],
            "enclave_options": [],
            "hibernation_options": [],
            "iam_instance_profile": [
              {
                "arn": "",
                "name": "NycNow-EC2-Profile"
              }
            ],
            "id": "lt-0f902faae57510a75",
            "image_id": "ami-0143eb1e1c2193cf5",
            "instance_initiated_shutdown_behavior": "",
            "instance_market_options": [
              {
                "market_type": "spot",
                "spot_options": [
                  {
                    "block_duration_minutes": 0,
                    "instance_interruption_behavior": "",
                    "max_price": "0.005",
                    "spot_instance_type": "",
                    "valid_until": ""
                  }
                ]
              }
            ],
            "instance_requirements": [],
            "instance_type": "t4g.small",
            "kernel_id": "",
            "key_name": "",
            "latest_version": 3,
            "license_specification": [],
            "maintenance_options": [],
            "metadata_options": [],
            "monitoring": [],
            "name": "nycnow-lt-20260409023201884900000002",
            "name_prefix": "nycnow-lt-",
            "network_interfaces": [
              {
                "associate_carrier_ip_address": "",
                "associate_public_ip_address": "false",
                "connection_tracking_specification": [],
                "delete_on_termination": "",
                "description": "",
                "device_index": 0,
                "ena_srd_specification": [],
                "interface_type": "",
                "ipv4_address_count": 0,
                "ipv4_addresses": [],
                "ipv4_prefix_count": 0,
                "ipv4_prefixes": [],
                "ipv6_address_count": 1,
                "ipv6_addresses": [],
                "ipv6_prefix_count": 0,
                "ipv6_prefixes": [],
                "network_card_index": 0,
                "network_interface_id": "",
                "primary_ipv6": "",
                "private_ip_address": "",
                "security_groups": [
                  "sg-0ca9cd2e969d0a6e4"
                ],
                "subnet_id": ""
              }
            ],
            "placement": [],
            "private_dns_name_options": [],
            "ram_disk_id": "",
            "security_group_names": [],
            "tag_specifications": [],
            "tags": {},
            "tags_all": {},
            "update_default_version": null,
            "user_data": "IyEvYmluL2Jhc2gKc2V0IC1lCgojIDEuIFN5c3RlbSBVcGRhdGVzICYgRGVwZW5kZW5jaWVzCmRuZiB1cGRhdGUgLXkKZG5mIGluc3RhbGwgLXkgZ2l0IHB5dGhvbjMgcGlwIG5naW54IHBnYm91bmNlcgoKIyAyLiBHZXQgdGhlIGFzc2lnbmVkIElQdjYgYWRkcmVzcyBmcm9tIEFXUyBJbnN0YW5jZSBNZXRhZGF0YQpUT0tFTj0kKGN1cmwgLXMgLVggUFVUICJodHRwOi8vMTY5LjI1NC4xNjkuMjU0L2xhdGVzdC9hcGkvdG9rZW4iIC1IICJYLWF3cy1lYzItbWV0YWRhdGEtdG9rZW4tdHRsLXNlY29uZHM6IDIxNjAwIikKTUFDPSQoY3VybCAtcyAtSCAiWC1hd3MtZWMyLW1ldGFkYXRhLXRva2VuOiAkVE9LRU4iIGh0dHA6Ly8xNjkuMjU0LjE2OS4yNTQvbGF0ZXN0L21ldGEtZGF0YS9tYWMpCgpFTkk9JChjdXJsIC1zIC1IICJYLWF3cy1lYzItbWV0YWRhdGEtdG9rZW46ICRUT0tFTiIgaHR0cDovLzE2OS4yNTQuMTY5LjI1NC9sYXRlc3QvbWV0YS1kYXRhL25ldHdvcmsvaW50ZXJmYWNlcy9tYWNzLyRNQUMvaW50ZXJmYWNlLWlkKQpSRUdJT049JChjdXJsIC1zIC1IICJYLWF3cy1lYzItbWV0YWRhdGEtdG9rZW46ICRUT0tFTiIgaHR0cDovLzE2OS4yNTQuMTY5LjI1NC9sYXRlc3QvbWV0YS1kYXRhL3BsYWNlbWVudC9yZWdpb24pCgojIEV4cGxpY2l0bHkgYXNzaWduIGFuIElQdjYgYWRkcmVzcyBhbmQgcmVzdGFydCBuZXR3b3JraW5nIHNvIHRoZSBPUyBiaW5kcyBpdAphd3MgZWMyIGFzc2lnbi1pcHY2LWFkZHJlc3NlcyAtLW5ldHdvcmstaW50ZXJmYWNlLWlkICRFTkkgLS1pcHY2LWFkZHJlc3MtY291bnQgMSAtLXJlZ2lvbiAkUkVHSU9OIHx8IHRydWUKc3lzdGVtY3RsIHJlc3RhcnQgc3lzdGVtZC1uZXR3b3JrZCB8fCB0cnVlCnNsZWVwIDUKCmZvciBpIGluIHsxLi4xMH07IGRvCiAgSVBWNj0kKGN1cmwgLXMgLUggIlgtYXdzLWVjMi1tZXRhZGF0YS10b2tlbjogJFRPS0VOIiBodHRwOi8vMTY5LjI1NC4xNjkuMjU0L2xhdGVzdC9tZXRhLWRhdGEvbmV0d29yay9pbnRlcmZhY2VzL21hY3MvJE1BQy9pcHY2cyB8IGhlYWQgLW4gMSkKICBpZiBbIC1uICIkSVBWNiIgXTsgdGhlbiBicmVhazsgZmkKICBzbGVlcCAyCmRvbmUKCiMgMy4gRHluYW1pY2FsbHkgdXBkYXRlIENsb3VkZmxhcmUgQUFBQSBSZWNvcmQgKFByb3hpZWQpCkNGX0FQSV9VUkw9Imh0dHBzOi8vYXBpLmNsb3VkZmxhcmUuY29tL2NsaWVudC92NC96b25lcy95b3VyX2Nsb3VkZmxhcmVfem9uZV9pZC9kbnNfcmVjb3JkcyIKCiMgQ2hlY2sgaWYgdGhlIHJlY29yZCBhbHJlYWR5IGV4aXN0cwpSRUNPUkRfSUQ9JChjdXJsIC1zIC1YIEdFVCAiJENGX0FQSV9VUkw/dHlwZT1BQUFBJm5hbWU9ZmVhdHVyZS5hbWVuaXR5LmhlbHAiIFwKICAtSCAiQXV0aG9yaXphdGlvbjogQmVhcmVyIHlvdXJfc3VwZXJfc2VjcmV0X2Nsb3VkZmxhcmVfYXBpX3Rva2VuIiBcCiAgLUggIkNvbnRlbnQtVHlwZTogYXBwbGljYXRpb24vanNvbiIgfCBncmVwIC1vICciaWQiOiJbXiJdKicgfCBoZWFkIC1uIDEgfCBjdXQgLWQnIicgLWY0KQoKaWYgWyAtbiAiJFJFQ09SRF9JRCIgXTsgdGhlbgogICMgVXBkYXRlIGV4aXN0aW5nIHJlY29yZAogIGN1cmwgLXMgLVggUFVUICIkQ0ZfQVBJX1VSTC8kUkVDT1JEX0lEIiBcCiAgICAtSCAiQXV0aG9yaXphdGlvbjogQmVhcmVyIHlvdXJfc3VwZXJfc2VjcmV0X2Nsb3VkZmxhcmVfYXBpX3Rva2VuIiBcCiAgICAtSCAiQ29udGVudC1UeXBlOiBhcHBsaWNhdGlvbi9qc29uIiBcCiAgICAtLWRhdGEgIntcInR5cGVcIjpcIkFBQUFcIixcIm5hbWVcIjpcImZlYXR1cmUuYW1lbml0eS5oZWxwXCIsXCJjb250ZW50XCI6XCIke0lQVjZ9XCIsXCJ0dGxcIjoxLFwicHJveGllZFwiOnRydWV9IgplbHNlCiAgIyBDcmVhdGUgbmV3IHJlY29yZCBpZiBtaXNzaW5nCiAgY3VybCAtcyAtWCBQT1NUICIkQ0ZfQVBJX1VSTCIgXAogICAgLUggIkF1dGhvcml6YXRpb246IEJlYXJlciB5b3VyX3N1cGVyX3NlY3JldF9jbG91ZGZsYXJlX2FwaV90b2tlbiIgXAogICAgLUggIkNvbnRlbnQtVHlwZTogYXBwbGljYXRpb24vanNvbiIgXAogICAgLS1kYXRhICJ7XCJ0eXBlXCI6XCJBQUFBXCIsXCJuYW1lXCI6XCJmZWF0dXJlLmFtZW5pdHkuaGVscFwiLFwiY29udGVudFwiOlwiJHtJUFY2fVwiLFwidHRsXCI6MSxcInByb3hpZWRcIjp0cnVlfSIKZmkKCiMgNC4gU2V0dXAgVXNlciBBcHBsaWNhdGlvbiBEaXJlY3RvcnkKbWtkaXIgLXAgL2hvbWUvZWMyLXVzZXIvYXBwCmNob3duIC1SIGVjMi11c2VyOmVjMi11c2VyIC9ob21lL2VjMi11c2VyL2FwcAoKIyA1LiBTZWN1cmVseSBkb3dubG9hZCB0aGUgLmVudiBmaWxlIGZyb20gQVdTIFBhcmFtZXRlciBTdG9yZQpSRUdJT049JChjdXJsIC1zIC1IICJYLWF3cy1lYzItbWV0YWRhdGEtdG9rZW46ICRUT0tFTiIgaHR0cDovLzE2OS4yNTQuMTY5LjI1NC9sYXRlc3QvbWV0YS1kYXRhL3BsYWNlbWVudC9yZWdpb24pCmF3cyBzc20gZ2V0LXBhcmFtZXRlciAtLW5hbWUgIi9ueWNub3cvZW52L2ZlYXR1cmUiIC0td2l0aC1kZWNyeXB0aW9uIC0tcXVlcnkgIlBhcmFtZXRlci5WYWx1ZSIgLS1vdXRwdXQgdGV4dCAtLXJlZ2lvbiAkUkVHSU9OID4gL2hvbWUvZWMyLXVzZXIvYXBwLy5lbnYKCmNob3duIGVjMi11c2VyOmVjMi11c2VyIC9ob21lL2VjMi11c2VyL2FwcC8uZW52CmNobW9kIDYwMCAvaG9tZS9lYzItdXNlci9hcHAvLmVudgoKIyAoR2l0SHViIEFjdGlvbnMgaGFuZGxlcyB0aGUgcmVzdCBvbiBpdHMgbmV4dCBydW4hKQ==",
            "vpc_security_group_ids": []
          },
          "sensitive_attributes": [
            [
              {
                "type": "get_attr",
                "value": "user_data"
              }
            ]
          ],
          "identity_schema_version": 0,
          "private": "bnVsbA==",
          "dependencies": [
            "aws_iam_instance_profile.ec2_profile",
            "aws_iam_role.ec2_role",
            "aws_security_group.app_sg",
            "data.aws_ami.al2023"
          ]
        }
      ]
    },
    {
      "mode": "managed",
      "type": "aws_security_group",
      "name": "app_sg",
      "provider": "provider[\"registry.terraform.io/hashicorp/aws\"]",
      "instances": [
        {
          "schema_version": 1,
          "attributes": {
            "arn": "arn:aws:ec2:us-east-2:793314585930:security-group/sg-0ca9cd2e969d0a6e4",
            "description": "Web traffic ingress and API egress",
            "egress": [
              {
                "cidr_blocks": [
                  "0.0.0.0/0"
                ],
                "description": "",
                "from_port": 0,
                "ipv6_cidr_blocks": [
                  "::/0"
                ],
                "prefix_list_ids": [],
                "protocol": "-1",
                "security_groups": [],
                "self": false,
                "to_port": 0
              }
            ],
            "id": "sg-0ca9cd2e969d0a6e4",
            "ingress": [
              {
                "cidr_blocks": [],
                "description": "",
                "from_port": 443,
                "ipv6_cidr_blocks": [
                  "::/0"
                ],
                "prefix_list_ids": [],
                "protocol": "tcp",
                "security_groups": [],
                "self": false,
                "to_port": 443
              },
              {
                "cidr_blocks": [],
                "description": "",
                "from_port": 80,
                "ipv6_cidr_blocks": [
                  "::/0"
                ],
                "prefix_list_ids": [],
                "protocol": "tcp",
                "security_groups": [],
                "self": false,
                "to_port": 80
              }
            ],
            "name": "nycnow-sg-20260409023158754200000001",
            "name_prefix": "nycnow-sg-",
            "owner_id": "793314585930",
            "revoke_rules_on_delete": false,
            "tags": {},
            "tags_all": {},
            "timeouts": null,
            "vpc_id": "vpc-07c8a71c98ccc8193"
          },
          "sensitive_attributes": [],
          "identity_schema_version": 0,
          "private": "eyJlMmJmYjczMC1lY2FhLTExZTYtOGY4OC0zNDM2M2JjN2M0YzAiOnsiY3JlYXRlIjo2MDAwMDAwMDAwMDAsImRlbGV0ZSI6OTAwMDAwMDAwMDAwfSwic2NoZW1hX3ZlcnNpb24iOiIxIn0="
        }
      ]
    }
  ],
  "check_results": null
}
