{
  "version": 4,
  "terraform_version": "1.14.8",
  "serial": 89,
  "lineage": "575458fe-d08a-8bd4-a752-22146798fd9c",
  "outputs": {},
  "resources": [
    {
      "mode": "data",
      "type": "aws_ami",
      "name": "al2023",
      "provider": "provider[\"registry.terraform.io/hashicorp/aws\"]",
      "instances": [
        {
          "schema_version": 0,
          "attributes": {
            "architecture": "arm64",
            "arn": "arn:aws:ec2:us-east-2::image/ami-0143eb1e1c2193cf5",
            "block_device_mappings": [
              {
                "device_name": "/dev/xvda",
                "ebs": {
                  "delete_on_termination": "true",
                  "encrypted": "false",
                  "iops": "3000",
                  "snapshot_id": "snap-0452f9bae0b182726",
                  "throughput": "125",
                  "volume_initialization_rate": "0",
                  "volume_size": "8",
                  "volume_type": "gp3"
                },
                "no_device": "",
                "virtual_name": ""
              }
            ],
            "boot_mode": "uefi",
            "creation_date": "2026-04-06T16:32:56.000Z",
            "deprecation_time": "2026-07-05T16:38:00.000Z",
            "description": "Amazon Linux 2023 AMI 2023.11.20260406.2 arm64 HVM kernel-6.12",
            "ena_support": true,
            "executable_users": null,
            "filter": [
              {
                "name": "name",
                "values": [
                  "al2023-ami-2023.*-arm64"
                ]
              }
            ],
            "hypervisor": "xen",
            "id": "ami-0143eb1e1c2193cf5",
            "image_id": "ami-0143eb1e1c2193cf5",
            "image_location": "amazon/al2023-ami-2023.11.20260406.2-kernel-6.12-arm64",
            "image_owner_alias": "amazon",
            "image_type": "machine",
            "imds_support": "v2.0",
            "include_deprecated": false,
            "kernel_id": "",
            "last_launched_time": "",
            "most_recent": true,
            "name": "al2023-ami-2023.11.20260406.2-kernel-6.12-arm64",
            "name_regex": null,
            "owner_id": "137112412989",
            "owners": [
              "amazon"
            ],
            "platform": "",
            "platform_details": "Linux/UNIX",
            "product_codes": [],
            "public": true,
            "ramdisk_id": "",
            "root_device_name": "/dev/xvda",
            "root_device_type": "ebs",
            "root_snapshot_id": "snap-0452f9bae0b182726",
            "sriov_net_support": "simple",
            "state": "available",
            "state_reason": {
              "code": "UNSET",
              "message": "UNSET"
            },
            "tags": {},
            "timeouts": null,
            "tpm_support": "",
            "uefi_data": null,
            "usage_operation": "RunInstances",
            "virtualization_type": "hvm"
          },
          "sensitive_attributes": [],
          "identity_schema_version": 0
        }
      ]
    },
    {
      "mode": "data",
      "type": "aws_caller_identity",
      "name": "current",
      "provider": "provider[\"registry.terraform.io/hashicorp/aws\"]",
      "instances": [
        {
          "schema_version": 0,
          "attributes": {
            "account_id": "793314585930",
            "arn": "arn:aws:iam::793314585930:root",
            "id": "793314585930",
            "user_id": "793314585930"
          },
          "sensitive_attributes": [],
          "identity_schema_version": 0
        }
      ]
    },
    {
      "mode": "managed",
      "type": "aws_autoscaling_group",
      "name": "app_asg",
      "provider": "provider[\"registry.terraform.io/hashicorp/aws\"]",
      "instances": [
        {
          "schema_version": 1,
          "attributes": {
            "arn": "arn:aws:autoscaling:us-east-2:793314585930:autoScalingGroup:fecf5330-75d1-49e1-ab66-3938d9134557:autoScalingGroupName/nycnow-asg",
            "availability_zone_distribution": [
              {
                "capacity_distribution_strategy": "balanced-best-effort"
              }
            ],
            "availability_zones": [
              "us-east-2a",
              "us-east-2b",
              "us-east-2c"
            ],
            "capacity_rebalance": false,
            "capacity_reservation_specification": [
              {
                "capacity_reservation_preference": "default",
                "capacity_reservation_target": []
              }
            ],
            "context": "",
            "default_cooldown": 300,
            "default_instance_warmup": 0,
            "desired_capacity": 1,
            "desired_capacity_type": "",
            "enabled_metrics": [],
            "force_delete": false,
            "force_delete_warm_pool": false,
            "health_check_grace_period": 300,
            "health_check_type": "EC2",
            "id": "nycnow-asg",
            "ignore_failed_scaling_activities": false,
            "initial_lifecycle_hook": [],
            "instance_maintenance_policy": [],
            "instance_refresh": [],
            "launch_configuration": "",
            "launch_template": [
              {
                "id": "lt-085c7f219a27414fb",
                "name": "nycnow-lt-20260409050523959500000003",
                "version": "$Latest"
              }
            ],
            "load_balancers": [],
            "max_instance_lifetime": 0,
            "max_size": 1,
            "metrics_granularity": "1Minute",
            "min_elb_capacity": null,
            "min_size": 1,
            "mixed_instances_policy": [],
            "name": "nycnow-asg",
            "name_prefix": "",
            "placement_group": "",
            "predicted_capacity": 0,
            "protect_from_scale_in": false,
            "service_linked_role_arn": "arn:aws:iam::793314585930:role/aws-service-role/autoscaling.amazonaws.com/AWSServiceRoleForAutoScaling",
            "suspended_processes": [],
            "tag": [
              {
                "key": "App",
                "propagate_at_launch": true,
                "value": "NycNow"
              },
              {
                "key": "Environment",
                "propagate_at_launch": true,
                "value": "feature"
              }
            ],
            "target_group_arns": [],
            "termination_policies": [],
            "timeouts": null,
            "traffic_source": [],
            "vpc_zone_identifier": [
              "subnet-03d8e9c160a028070",
              "subnet-0c0324a6f2f783d0a",
              "subnet-0c9a12072bdfec2a5"
            ],
            "wait_for_capacity_timeout": "10m",
            "wait_for_elb_capacity": null,
            "warm_pool": [],
            "warm_pool_size": 0
          },
          "sensitive_attributes": [],
          "identity_schema_version": 0,
          "private": "eyJlMmJmYjczMC1lY2FhLTExZTYtOGY4OC0zNDM2M2JjN2M0YzAiOnsiZGVsZXRlIjo2MDAwMDAwMDAwMDAsInVwZGF0ZSI6NjAwMDAwMDAwMDAwfSwic2NoZW1hX3ZlcnNpb24iOiIxIn0=",
          "dependencies": [
            "aws_iam_instance_profile.ec2_profile",
            "aws_iam_role.ec2_role",
            "aws_launch_template.app_lt",
            "aws_security_group.app_sg",
            "data.aws_ami.al2023"
          ]
        }
      ]
    },
    {
      "mode": "managed",
      "type": "aws_iam_instance_profile",
      "name": "ec2_profile",
      "provider": "provider[\"registry.terraform.io/hashicorp/aws\"]",
      "instances": [
        {
          "schema_version": 0,
          "attributes": {
            "arn": "arn:aws:iam::793314585930:instance-profile/NycNow-EC2-Profile",
            "create_date": "2026-04-09T05:05:17Z",
            "id": "NycNow-EC2-Profile",
            "name": "NycNow-EC2-Profile",
            "name_prefix": "",
            "path": "/",
            "role": "NycNow-EC2-SSM-Role",
            "tags": {},
            "tags_all": {},
            "unique_id": "AIPA3RNJ35VFNXXCYEISA"
          },
          "sensitive_attributes": [],
          "identity_schema_version": 0,
          "private": "bnVsbA==",
          "dependencies": [
            "aws_iam_role.ec2_role"
          ]
        }
      ]
    },
    {
      "mode": "managed",
      "type": "aws_iam_role",
      "name": "ec2_role",
      "provider": "provider[\"registry.terraform.io/hashicorp/aws\"]",
      "instances": [
        {
          "schema_version": 0,
          "attributes": {
            "arn": "arn:aws:iam::793314585930:role/NycNow-EC2-SSM-Role",
            "assume_role_policy": "{\"Statement\":[{\"Action\":\"sts:AssumeRole\",\"Effect\":\"Allow\",\"Principal\":{\"Service\":\"ec2.amazonaws.com\"}}],\"Version\":\"2012-10-17\"}",
            "create_date": "2026-04-09T05:05:17Z",
            "description": "",
            "force_detach_policies": false,
            "id": "NycNow-EC2-SSM-Role",
            "inline_policy": [
              {
                "name": "NycNow-EC2-IPv6-Policy",
                "policy": "{\"Version\":\"2012-10-17\",\"Statement\":[{\"Action\":[\"ec2:AssignIpv6Addresses\",\"ec2:DescribeNetworkInterfaces\"],\"Effect\":\"Allow\",\"Resource\":\"*\"}]}"
              },
              {
                "name": "NycNow-SSM-Parameter-Policy",
                "policy": "{\"Version\":\"2012-10-17\",\"Statement\":[{\"Action\":\"ssm:GetParameter\",\"Effect\":\"Allow\",\"Resource\":\"arn:aws:ssm:us-east-2:*:parameter/nycnow/env/feature\"}]}"
              }
            ],
            "managed_policy_arns": [
              "arn:aws:iam::aws:policy/AmazonSSMManagedInstanceCore"
            ],
            "max_session_duration": 3600,
            "name": "NycNow-EC2-SSM-Role",
            "name_prefix": "",
            "path": "/",
            "permissions_boundary": "",
            "tags": {},
            "tags_all": {},
            "unique_id": "AROA3RNJ35VFPWBDSCIAR"
          },
          "sensitive_attributes": [],
          "identity_schema_version": 0,
          "private": "bnVsbA=="
        }
      ]
    },
    {
      "mode": "managed",
      "type": "aws_iam_role",
      "name": "github_actions_role",
      "provider": "provider[\"registry.terraform.io/hashicorp/aws\"]",
      "instances": [
        {
          "schema_version": 0,
          "attributes": {
            "arn": "arn:aws:iam::793314585930:role/NycNow-GitHub-Actions-SSM-Role",
            "assume_role_policy": "{\"Statement\":[{\"Action\":\"sts:AssumeRoleWithWebIdentity\",\"Condition\":{\"StringEquals\":{\"token.actions.githubusercontent.com:aud\":\"sts.amazonaws.com\"},\"StringLike\":{\"token.actions.githubusercontent.com:sub\":\"repo:ajslezak/team1-mon-spring26:*\"}},\"Effect\":\"Allow\",\"Principal\":{\"Federated\":\"arn:aws:iam::793314585930:oidc-provider/token.actions.githubusercontent.com\"}}],\"Version\":\"2012-10-17\"}",
            "create_date": "2026-04-09T05:05:17Z",
            "description": "",
            "force_detach_policies": false,
            "id": "NycNow-GitHub-Actions-SSM-Role",
            "inline_policy": [
              {
                "name": "NycNow-GitHub-SSM-Policy",
                "policy": "{\"Version\":\"2012-10-17\",\"Statement\":[{\"Action\":[\"ssm:SendCommand\",\"ssm:GetCommandInvocation\",\"ssm:ListCommandInvocations\",\"ec2:DescribeInstances\"],\"Effect\":\"Allow\",\"Resource\":\"*\"}]}"
              }
            ],
            "managed_policy_arns": [],
            "max_session_duration": 3600,
            "name": "NycNow-GitHub-Actions-SSM-Role",
            "name_prefix": "",
            "path": "/",
            "permissions_boundary": "",
            "tags": {},
            "tags_all": {},
            "unique_id": "AROA3RNJ35VFL36HBOBVW"
          },
          "sensitive_attributes": [],
          "identity_schema_version": 0,
          "private": "bnVsbA==",
          "dependencies": [
            "data.aws_caller_identity.current"
          ]
        }
      ]
    },
    {
      "mode": "managed",
      "type": "aws_iam_role_policy",
      "name": "ec2_ipv6_policy",
      "provider": "provider[\"registry.terraform.io/hashicorp/aws\"]",
      "instances": [
        {
          "schema_version": 0,
          "attributes": {
            "id": "NycNow-EC2-SSM-Role:NycNow-EC2-IPv6-Policy",
            "name": "NycNow-EC2-IPv6-Policy",
            "name_prefix": "",
            "policy": "{\"Version\":\"2012-10-17\",\"Statement\":[{\"Action\":[\"ec2:AssignIpv6Addresses\",\"ec2:DescribeNetworkInterfaces\"],\"Effect\":\"Allow\",\"Resource\":\"*\"}]}",
            "role": "NycNow-EC2-SSM-Role"
          },
          "sensitive_attributes": [],
          "identity_schema_version": 0,
          "private": "bnVsbA==",
          "dependencies": [
            "aws_iam_role.ec2_role"
          ]
        }
      ]
    },
    {
      "mode": "managed",
      "type": "aws_iam_role_policy",
      "name": "github_ssm_policy",
      "provider": "provider[\"registry.terraform.io/hashicorp/aws\"]",
      "instances": [
        {
          "schema_version": 0,
          "attributes": {
            "id": "NycNow-GitHub-Actions-SSM-Role:NycNow-GitHub-SSM-Policy",
            "name": "NycNow-GitHub-SSM-Policy",
            "name_prefix": "",
            "policy": "{\"Version\":\"2012-10-17\",\"Statement\":[{\"Action\":[\"ssm:SendCommand\",\"ssm:GetCommandInvocation\",\"ssm:ListCommandInvocations\",\"ec2:DescribeInstances\"],\"Effect\":\"Allow\",\"Resource\":\"*\"}]}",
            "role": "NycNow-GitHub-Actions-SSM-Role"
          },
          "sensitive_attributes": [],
          "identity_schema_version": 0,
          "private": "bnVsbA==",
          "dependencies": [
            "aws_iam_role.github_actions_role",
            "data.aws_caller_identity.current"
          ]
        }
      ]
    },
    {
      "mode": "managed",
      "type": "aws_iam_role_policy",
      "name": "ssm_parameter_policy",
      "provider": "provider[\"registry.terraform.io/hashicorp/aws\"]",
      "instances": [
        {
          "schema_version": 0,
          "attributes": {
            "id": "NycNow-EC2-SSM-Role:NycNow-SSM-Parameter-Policy",
            "name": "NycNow-SSM-Parameter-Policy",
            "name_prefix": "",
            "policy": "{\"Version\":\"2012-10-17\",\"Statement\":[{\"Action\":\"ssm:GetParameter\",\"Effect\":\"Allow\",\"Resource\":\"arn:aws:ssm:us-east-2:*:parameter/nycnow/env/feature\"}]}",
            "role": "NycNow-EC2-SSM-Role"
          },
          "sensitive_attributes": [],
          "identity_schema_version": 0,
          "private": "bnVsbA==",
          "dependencies": [
            "aws_iam_role.ec2_role"
          ]
        }
      ]
    },
    {
      "mode": "managed",
      "type": "aws_iam_role_policy_attachment",
      "name": "ssm_core",
      "provider": "provider[\"registry.terraform.io/hashicorp/aws\"]",
      "instances": [
        {
          "schema_version": 0,
          "attributes": {
            "id": "NycNow-EC2-SSM-Role-20260409050517920400000002",
            "policy_arn": "arn:aws:iam::aws:policy/AmazonSSMManagedInstanceCore",
            "role": "NycNow-EC2-SSM-Role"
          },
          "sensitive_attributes": [],
          "identity_schema_version": 0,
          "private": "bnVsbA==",
          "dependencies": [
            "aws_iam_role.ec2_role"
          ]
        }
      ]
    },
    {
      "mode": "managed",
      "type": "aws_launch_template",
      "name": "app_lt",
      "provider": "provider[\"registry.terraform.io/hashicorp/aws\"]",
      "instances": [
        {
          "schema_version": 0,
          "attributes": {
            "arn": "arn:aws:ec2:us-east-2:793314585930:launch-template/lt-085c7f219a27414fb",
            "block_device_mappings": [],
            "capacity_reservation_specification": [],
            "cpu_options": [],
            "credit_specification": [],
            "default_version": 1,
            "description": "",
            "disable_api_stop": false,
            "disable_api_termination": false,
            "ebs_optimized": "",
            "elastic_gpu_specifications": [],
            "elastic_inference_accelerator": [],
            "enclave_options": [],
            "hibernation_options": [],
            "iam_instance_profile": [
              {
                "arn": "",
                "name": "NycNow-EC2-Profile"
              }
            ],
            "id": "lt-085c7f219a27414fb",
            "image_id": "ami-0143eb1e1c2193cf5",
            "instance_initiated_shutdown_behavior": "",
            "instance_market_options": [
              {
                "market_type": "spot",
                "spot_options": [
                  {
                    "block_duration_minutes": 0,
                    "instance_interruption_behavior": "",
                    "max_price": "0.005",
                    "spot_instance_type": "",
                    "valid_until": ""
                  }
                ]
              }
            ],
            "instance_requirements": [],
            "instance_type": "t4g.small",
            "kernel_id": "",
            "key_name": "cloudflare-access",
            "latest_version": 14,
            "license_specification": [],
            "maintenance_options": [],
            "metadata_options": [],
            "monitoring": [],
            "name": "nycnow-lt-20260409050523959500000003",
            "name_prefix": "nycnow-lt-",
            "network_interfaces": [
              {
                "associate_carrier_ip_address": "",
                "associate_public_ip_address": "false",
                "connection_tracking_specification": [],
                "delete_on_termination": "",
                "description": "",
                "device_index": 0,
                "ena_srd_specification": [],
                "interface_type": "",
                "ipv4_address_count": 0,
                "ipv4_addresses": [],
                "ipv4_prefix_count": 0,
                "ipv4_prefixes": [],
                "ipv6_address_count": 1,
                "ipv6_addresses": [],
                "ipv6_prefix_count": 0,
                "ipv6_prefixes": [],
                "network_card_index": 0,
                "network_interface_id": "",
                "primary_ipv6": "",
                "private_ip_address": "",
                "security_groups": [
                  "sg-02aa427d1eb6d0770"
                ],
                "subnet_id": ""
              }
            ],
            "placement": [],
            "private_dns_name_options": [
              {
                "enable_resource_name_dns_a_record": true,
                "enable_resource_name_dns_aaaa_record": true,
                "hostname_type": "ip-name"
              }
            ],
            "ram_disk_id": "",
            "security_group_names": [],
            "tag_specifications": [],
            "tags": {},
            "tags_all": {},
            "update_default_version": null,
            "user_data": "IyEvYmluL2Jhc2gKc2V0IC1lCgojIExvZyBhbGwgZXhlY3V0aW9uIGZvciBlYXNpZXIgZGVidWdnaW5nCmV4ZWMgPiA+KHRlZSAvdmFyL2xvZy91c2VyZGF0YS1leGVjdXRpb24ubG9nKSAyPiYxCgojIDEuIFN5c3RlbSBVcGRhdGVzICYgRGVwZW5kZW5jaWVzCmRuZiB1cGRhdGUgLXkKZG5mIGluc3RhbGwgLXkgZ2l0IHB5dGhvbjMuMTQgcHl0aG9uMy4xNC1waXAgbmdpbngKCiMgSW5zdGFsbCBQZ0JvdW5jZXIgdXNpbmcgdGhlIHJlcG9zaXRvcnkgcHJldmlvdXNseSB1c2VkIGluIEVsYXN0aWMgQmVhbnN0YWxrCmRuZiBpbnN0YWxsIC15IHNwYWwtcmVsZWFzZQpkbmYgaW5zdGFsbCAteSBwZ2JvdW5jZXIKCiMgSW5zdGFsbCBHREFMICYgR0VPUyBmb3IgZ2Vvc3BhdGlhbCBzdXBwb3J0IChyZXF1aXJlZCBieSBQb3N0R0lTIGFuZCBEamFuZ28ncyBHSVMgZmVhdHVyZXMpCmRuZiBpbnN0YWxsIC15IGdkYWwzMTAgZ2VvcwoKIyAyLiBJbnN0YWxsIENsb3VkZmxhcmUgV0FSUCAoUHJvdmlkZXMgb3V0Ym91bmQgSVB2NCBhY2Nlc3MgZm9yIEdpdEh1YiBhbmQgQVdTIFNTTSkKY3VybCAtZnNTbCBodHRwczovL3BrZy5jbG91ZGZsYXJlY2xpZW50LmNvbS9jbG91ZGZsYXJlLXdhcnAtYXNjaWkucmVwbyB8IHRlZSAvZXRjL3l1bS5yZXBvcy5kL2Nsb3VkZmxhcmUtd2FycC5yZXBvCmRuZiBpbnN0YWxsIC15IGNsb3VkZmxhcmUtd2FycApzeXN0ZW1jdGwgZW5hYmxlIC0tbm93IHdhcnAtc3ZjCnNsZWVwIDIKd2FycC1jbGkgLS1hY2NlcHQtdG9zIHJlZ2lzdHJhdGlvbiBuZXcgfHwgdHJ1ZQojIEV4Y2x1ZGUgYWxsIElQdjYgdHJhZmZpYyBmcm9tIHRoZSB0dW5uZWwgc28gbmF0aXZlIElQdjYgKGxpa2UgeW91ciBTU0ggY29ubmVjdGlvbikgcm91dGVzIGRpcmVjdGx5CiMgVHJ5aW5nIG9sZGVyIGFuZCBuZXdlciB2MjAyNCsgQ0xJIHN5bnRheGVzIHNpbmNlIENsb3VkZmxhcmUgY2hhbmdlZCB0aGUgY29tbWFuZAp3YXJwLWNsaSAtLWFjY2VwdC10b3MgdHVubmVsIGlwIGFkZC1yYW5nZSA6Oi8wCndhcnAtY2xpIC0tYWNjZXB0LXRvcyBjb25uZWN0IHx8IHRydWUKc2xlZXAgNSAjIEdpdmUgdGhlIGRhZW1vbiBhIGZldyBzZWNvbmRzIHRvIGVzdGFibGlzaCB0aGUgSVB2NCB0dW5uZWwKCiMgMy4gR2V0IHRoZSBhc3NpZ25lZCBJUHY2IGFkZHJlc3MgZnJvbSBBV1MgSW5zdGFuY2UgTWV0YWRhdGEKVE9LRU49JChjdXJsIC1zIC1YIFBVVCAiaHR0cDovLzE2OS4yNTQuMTY5LjI1NC9sYXRlc3QvYXBpL3Rva2VuIiAtSCAiWC1hd3MtZWMyLW1ldGFkYXRhLXRva2VuLXR0bC1zZWNvbmRzOiAyMTYwMCIpCk1BQz0kKGN1cmwgLXMgLUggIlgtYXdzLWVjMi1tZXRhZGF0YS10b2tlbjogJFRPS0VOIiBodHRwOi8vMTY5LjI1NC4xNjkuMjU0L2xhdGVzdC9tZXRhLWRhdGEvbWFjKQoKZm9yIGkgaW4gezEuLjEwfTsgZG8KICBJUFY2PSQoY3VybCAtcyAtZiAtSCAiWC1hd3MtZWMyLW1ldGFkYXRhLXRva2VuOiAkVE9LRU4iIGh0dHA6Ly8xNjkuMjU0LjE2OS4yNTQvbGF0ZXN0L21ldGEtZGF0YS9uZXR3b3JrL2ludGVyZmFjZXMvbWFjcy8kTUFDL2lwdjZzIHwgaGVhZCAtbiAxIHx8IHRydWUpCiAgaWYgWyAtbiAiJElQVjYiIF0gJiYgW1sgIiRJUFY2IiAhPSAqIk5vdCBGb3VuZCIqIF1dICYmIFtbICIkSVBWNiIgIT0gKiI8P3htbCIqIF1dOyB0aGVuIGJyZWFrOyBmaQogIGVjaG8gIldhaXRpbmcgZm9yIElQdjYgYWRkcmVzcyB0byBiZSBhc3NpZ25lZC4uLiIKICBzbGVlcCAyCmRvbmUKCiMgNC4gU2V0dXAgVXNlciBBcHBsaWNhdGlvbiBEaXJlY3RvcnkgJiBGZXRjaCBTZWNyZXRzCm1rZGlyIC1wIC9ob21lL2VjMi11c2VyL2FwcApjaG93biAtUiBlYzItdXNlcjplYzItdXNlciAvaG9tZS9lYzItdXNlci9hcHAKClJFR0lPTj0kKGN1cmwgLXMgLUggIlgtYXdzLWVjMi1tZXRhZGF0YS10b2tlbjogJFRPS0VOIiBodHRwOi8vMTY5LjI1NC4xNjkuMjU0L2xhdGVzdC9tZXRhLWRhdGEvcGxhY2VtZW50L3JlZ2lvbikKYXdzIHNzbSBnZXQtcGFyYW1ldGVyIC0tbmFtZSAiL255Y25vdy9lbnYvZmVhdHVyZSIgLS13aXRoLWRlY3J5cHRpb24gLS1xdWVyeSAiUGFyYW1ldGVyLlZhbHVlIiAtLW91dHB1dCB0ZXh0IC0tcmVnaW9uICRSRUdJT04gPiAvaG9tZS9lYzItdXNlci9hcHAvLmVudgoKY2hvd24gZWMyLXVzZXI6ZWMyLXVzZXIgL2hvbWUvZWMyLXVzZXIvYXBwLy5lbnYKY2htb2QgNjAwIC9ob21lL2VjMi11c2VyL2FwcC8uZW52CgojIExvYWQgc2VjcmV0cyBpbnRvIGN1cnJlbnQgc2hlbGwKc2V0IC1hCnNvdXJjZSAvaG9tZS9lYzItdXNlci9hcHAvLmVudgpzZXQgK2EKCiMgNS4gRHluYW1pY2FsbHkgdXBkYXRlIENsb3VkZmxhcmUgRE5TIFJlY29yZHMgKFByb3hpZWQpCkNGX0FQSV9VUkw9Imh0dHBzOi8vYXBpLmNsb3VkZmxhcmUuY29tL2NsaWVudC92NC96b25lcy8ke0NGX1pPTkVfSUR9L2Ruc19yZWNvcmRzIgoKdXBkYXRlX2Nsb3VkZmxhcmVfcmVjb3JkKCkgewogIGxvY2FsIHJlY29yZF90eXBlPSQxCiAgbG9jYWwgaXBfYWRkcmVzcz0kMgogIAogIGlmIFsgLXogIiRpcF9hZGRyZXNzIiBdOyB0aGVuCiAgICBlY2hvICJObyB2YWxpZCBJUCBmb3VuZCBmb3IgJHJlY29yZF90eXBlIHJlY29yZC4gU2tpcHBpbmcuIgogICAgcmV0dXJuCiAgZmkKCiAgZWNobyAiVXBkYXRpbmcgQ2xvdWRmbGFyZSAkcmVjb3JkX3R5cGUgUmVjb3JkIHRvICRpcF9hZGRyZXNzLi4uIgogIFJFQ09SRF9JRD0kKGN1cmwgLXMgLVggR0VUICIkQ0ZfQVBJX1VSTD90eXBlPSRyZWNvcmRfdHlwZSZuYW1lPSR7Q0ZfUkVDT1JEX05BTUV9IiBcCiAgICAtSCAiQXV0aG9yaXphdGlvbjogQmVhcmVyICR7Q0ZfQVBJX1RPS0VOfSIgXAogICAgLUggIkNvbnRlbnQtVHlwZTogYXBwbGljYXRpb24vanNvbiIgfCBncmVwIC1vICciaWQiOiJbXiJdKicgfCBoZWFkIC1uIDEgfCBjdXQgLWQnIicgLWY0KQoKICBsb2NhbCBIVFRQX01FVEhPRD0iUE9TVCIKICBsb2NhbCBVUkxfUEFUSD0iJENGX0FQSV9VUkwiCiAgaWYgWyAtbiAiJFJFQ09SRF9JRCIgXTsgdGhlbgogICAgSFRUUF9NRVRIT0Q9IlBVVCIKICAgIFVSTF9QQVRIPSIkQ0ZfQVBJX1VSTC8kUkVDT1JEX0lEIgogIGZpCgogIFJFU1VMVD0kKGN1cmwgLXMgLVggJEhUVFBfTUVUSE9EICIkVVJMX1BBVEgiIC1IICJBdXRob3JpemF0aW9uOiBCZWFyZXIgJHtDRl9BUElfVE9LRU59IiAtSCAiQ29udGVudC1UeXBlOiBhcHBsaWNhdGlvbi9qc29uIiAtLWRhdGEgIntcInR5cGVcIjpcIiRyZWNvcmRfdHlwZVwiLFwibmFtZVwiOlwiJHtDRl9SRUNPUkRfTkFNRX1cIixcImNvbnRlbnRcIjpcIiRpcF9hZGRyZXNzXCIsXCJ0dGxcIjoxLFwicHJveGllZFwiOmZhbHNlfSIpCiAgZWNobyAiQ2xvdWRmbGFyZSBBUEkgUmVzcG9uc2U6ICRSRVNVTFQiCn0KCnVwZGF0ZV9jbG91ZGZsYXJlX3JlY29yZCAiQUFBQSIgIiR7SVBWNn0iCgojIDYuIFJlc3RhcnQgQVdTIFNTTSBBZ2VudCB0byBpbnN0YW50bHkgcmVnaXN0ZXIgb3ZlciB0aGUgbmV3IFdBUlAgSVB2NCB0dW5uZWwKc3lzdGVtY3RsIHJlc3RhcnQgYW1hem9uLXNzbS1hZ2VudAoKIyA3LiBQcm92aXNpb24gU3lzdGVtZCBTZXJ2aWNlcyBhbmQgTmdpbngKY2F0IDw8ICdFT0YnID4gL2V0Yy9zeXN0ZW1kL3N5c3RlbS9kamFuZ28td3NnaS5zZXJ2aWNlCltVbml0XQpEZXNjcmlwdGlvbj1HdW5pY29ybiBkYWVtb24gZm9yIERqYW5nbyBXU0dJCkFmdGVyPW5ldHdvcmsudGFyZ2V0CgpbU2VydmljZV0KVXNlcj1lYzItdXNlcgpHcm91cD1lYzItdXNlcgpXb3JraW5nRGlyZWN0b3J5PS9ob21lL2VjMi11c2VyL2FwcApFbnZpcm9ubWVudEZpbGU9L2hvbWUvZWMyLXVzZXIvYXBwLy5lbnYKRXhlY1N0YXJ0PS9ob21lL2VjMi11c2VyL2FwcC92ZW52L2Jpbi9ndW5pY29ybiBkamFuZ29fbWFwLndzZ2k6YXBwbGljYXRpb24gLWMgZ3VuaWNvcm5fY29uZmlnLnB5ClJlc3RhcnQ9YWx3YXlzClJlc3RhcnRTZWM9MwoKW0luc3RhbGxdCldhbnRlZEJ5PW11bHRpLXVzZXIudGFyZ2V0CkVPRgoKY2F0IDw8ICdFT0YnID4gL2V0Yy9zeXN0ZW1kL3N5c3RlbS9kamFuZ28tYXNnaS5zZXJ2aWNlCltVbml0XQpEZXNjcmlwdGlvbj1Vdmljb3JuIGRhZW1vbiBmb3IgRGphbmdvIEFTR0kgKFNTRSkKQWZ0ZXI9bmV0d29yay50YXJnZXQKCltTZXJ2aWNlXQpVc2VyPWVjMi11c2VyCkdyb3VwPWVjMi11c2VyCldvcmtpbmdEaXJlY3Rvcnk9L2hvbWUvZWMyLXVzZXIvYXBwCkVudmlyb25tZW50RmlsZT0vaG9tZS9lYzItdXNlci9hcHAvLmVudgpFeGVjU3RhcnQ9L2hvbWUvZWMyLXVzZXIvYXBwL3ZlbnYvYmluL3V2aWNvcm4gZGphbmdvX21hcC5hc2dpOmFwcGxpY2F0aW9uIC0taG9zdCAxMjcuMC4wLjEgLS1wb3J0IDgwMDEKUmVzdGFydD1hbHdheXMKUmVzdGFydFNlYz0zCgpbSW5zdGFsbF0KV2FudGVkQnk9bXVsdGktdXNlci50YXJnZXQKRU9GCgojIEluc3RhbGwgQ2xvdWRmbGFyZSBPcmlnaW4gQ0EgY2VydGlmaWNhdGVzIGZvciBOZ2lueApta2RpciAtcCAvZXRjL3BraS90bHMvY2VydHMKCmNhdCA8PCAnRU9GJyA+IC9ldGMvcGtpL3Rscy9jZXJ0cy9zZXJ2ZXIuY3J0Ci0tLS0tQkVHSU4gQ0VSVElGSUNBVEUtLS0tLQpNSUlFcERDQ0E0eWdBd0lCQWdJVUdLM3g2RzM5ZEd3bnprbkVLUHl2Zzc5RHdyWXdEUVlKS29aSWh2Y05BUUVMCkJRQXdnWXN4Q3pBSkJnTlZCQVlUQWxWVE1Sa3dGd1lEVlFRS0V4QkRiRzkxWkVac1lYSmxMQ0JKYm1NdU1UUXcKTWdZRFZRUUxFeXREYkc5MVpFWnNZWEpsSUU5eWFXZHBiaUJUVTB3Z1EyVnlkR2xtYVdOaGRHVWdRWFYwYUc5eQphWFI1TVJZd0ZBWURWUVFIRXcxVFlXNGdSbkpoYm1OcGMyTnZNUk13RVFZRFZRUUlFd3BEWVd4cFptOXlibWxoCk1CNFhEVEkyTURJeU5EQTNNVEV3TUZvWERUUXhNREl5TURBM01URXdNRm93WWpFWk1CY0dBMVVFQ2hNUVEyeHYKZFdSR2JHRnlaU3dnU1c1akxqRWRNQnNHQTFVRUN4TVVRMnh2ZFdSR2JHRnlaU0JQY21sbmFXNGdRMEV4SmpBawpCZ05WQkFNVEhVTnNiM1ZrUm14aGNtVWdUM0pwWjJsdUlFTmxjblJwWm1sallYUmxNSUlCSWpBTkJna3Foa2lHCjl3MEJBUUVGQUFPQ0FROEFNSUlCQ2dLQ0FRRUEyOVB0bElucXYxZDlxeXBGNHM1LzQ2eEpZcVg0M2dscXJhak8KWUFMRGVhUm5ZODExUXJqRGxRQkxMNkdHVVBqY0pVZjhqbm1NcVphYmE1STJxa2tRTFREdmc5N3NiOUhvL0JnVgplZFhpZEVlaHJDelZXZ2Vhcm1EVEpFT1NkdWgxMmFQbjJlSkg1OU1kZllrSnhTaTZhMGhnV091Rmt3TWk0aUxaCjV2ZXk2TWZldWJEY0V6Y1IvL3ptWFJpZVM3M2dlU0VmdFY4ejhQRnErSFQwMmRkZ0NJb1ptMGFGUjdwdnN0Y2cKMW51MHFIZ3I4U2tnMGVMczBKN2JHMEh3OWZrWTFuSmZ6dTNSM0JxZnhZeS9BcWdQQnlTTEtoOWtwd1Fzbm9mQQpWSGh2RDkxZGlTWXpMcFhmVFN0WXcrNzhUQ0V2R3R6VENlOHF3SVhFb2pDRDJhR0xOd0lEQVFBQm80SUJKakNDCkFTSXdEZ1lEVlIwUEFRSC9CQVFEQWdXZ01CMEdBMVVkSlFRV01CUUdDQ3NHQVFVRkJ3TUNCZ2dyQmdFRkJRY0QKQVRBTUJnTlZIUk1CQWY4RUFqQUFNQjBHQTFVZERnUVdCQlNWQWtaM0pEZ0hETmhVUkFpZWFneDVlam1nU2pBZgpCZ05WSFNNRUdEQVdnQlFrNkZOWFhYdzBRSWVwNjVUYnV1RVdlUHdwcERCQUJnZ3JCZ0VGQlFjQkFRUTBNREl3Ck1BWUlLd1lCQlFVSE1BR0dKR2gwZEhBNkx5OXZZM053TG1Oc2IzVmtabXhoY21VdVkyOXRMMjl5YVdkcGJsOWoKWVRBbkJnTlZIUkVFSURBZWdnNHFMbUZ0Wlc1cGRIa3VhR1ZzY0lJTVlXMWxibWwwZVM1b1pXeHdNRGdHQTFVZApId1F4TUM4d0xhQXJvQ21HSjJoMGRIQTZMeTlqY213dVkyeHZkV1JtYkdGeVpTNWpiMjB2YjNKcFoybHVYMk5oCkxtTnliREFOQmdrcWhraUc5dzBCQVFzRkFBT0NBUUVBVXhnMXBzU3pQWlk3V0Y3ZHNPMjZ4Q1MvcVptN293eFcKa0Nmb0pueVh2N1JXMjM1RE5RMzNyNHJicjU0eXc3enljQzg4T1ZaU1FDTVlWYlpuN0djVXR1OUxST29BTFl3cwphZEE2WDhYWEQ2bk9pcXVpYkEwU0pjT1lPaHIrR21CdnA3K3lFK2ExYWtOOUJsZSsvRDRFeGJwS09KcFdXSEdDCi9LcUk2MUwrMmdGbWpXbUtDcmhGNktKNS9uYmtzSGtGNjRvaDlTVm9FVkxXQUMyQ3B6eW5iMGJPMXA0S1dEY2MKS1lzYW9DaHd5amZMZEZwRDZYbFI4S255bHJJaEhmNWJHV0c2cmtNYWNpbjJVQ2JZRHNINmtnZm1HNEU4N244LwoxdzhUaDhIQmpJanhNZ0JSVnEyU04wZ1p3QmdtTmFXamdscEwxNENVYUt0c29hVVZFQStaRVE9PQotLS0tLUVORCBDRVJUSUZJQ0FURS0tLS0tCkVPRgoKY2F0IDw8ICdFT0YnID4gL2V0Yy9wa2kvdGxzL2NlcnRzL3NlcnZlci5rZXkKLS0tLS1CRUdJTiBQUklWQVRFIEtFWS0tLS0tCk1JSUV2d0lCQURBTkJna3Foa2lHOXcwQkFRRUZBQVNDQktrd2dnU2xBZ0VBQW9JQkFRRGIwKzJVaWVxL1YzMnIKS2tYaXpuL2pyRWxpcGZqZUNXcXRxTTVnQXNONXBHZGp6WFZDdU1PVkFFc3ZvWVpRK053bFIveU9lWXlwbHB0cgpramFxU1JBdE1PK0QzdXh2MGVqOEdCVjUxZUowUjZHc0xOVmFCNXF1WU5Na1E1SjI2SFhabytmWjRrZm4weDE5CmlRbkZLTHByU0dCWTY0V1RBeUxpSXRubTk3TG94OTY1c053VE54SC8vT1pkR0o1THZlQjVJUisxWHpQdzhXcjQKZFBUWjEyQUlpaG1iUm9WSHVtK3kxeURXZTdTb2VDdnhLU0RSNHV6UW50c2JRZkQxK1JqV2NsL083ZEhjR3AvRgpqTDhDcUE4SEpJc3FIMlNuQkN5ZWg4QlVlRzhQM1YySkpqTXVsZDlOSzFqRDd2eE1JUzhhM05NSjd5ckFoY1NpCk1JUFpvWXMzQWdNQkFBRUNnZ0VBTGcvenpmYXlRa0xPZWVIRFFCbStFWkpsMUM1ci9mYWlMRjVkVkIvd0h0cVUKc1lSNVNEQllCeTVIRXVWNU5CbFpZOVI0TnRDQWFYNjk5V1h2WDNJczJoTlJkT1B1emlXQmVPV0JCb1VMVFFzLwpkTWoyTWNXN0kwUDFxamtnaFJzRHFzV2VEUGxOME9WYlhoVXJmMjBmMXVBVkZEelJ3ZkxieWQrOG9obVFHeGQyCjM4S0VYNjdVWmhUZnNLeHVXOHFlSThqQU10ejJHK1BCd0liR0lVRG5sS1VvR01wRlAyOVd2QW1MOVdKTjZ0azgKenJaUXMzVnE2a0FaMmNHNGtqVlVnZytSMjR4U0cxTlJaWEE0UmJkNUMweWVXS2ZJYU1XUy9wandxNWZDQzRaYwpWV0tKcDMya2ZpOW1OenBLck5Ma3cwWXRyc1B2NGZid05xSHdqdkpRYVFLQmdRRDdGdnZlTGhLaTJDSXA1bHhYCnMrTDBOeHJwVWx5dGVZeVkyNE0yVTZpM3pUQU1ia2VHN0ZjczRSTmJSVy8xL1p1MUZHY2labStaeTFuRUN0Q1oKRDV6RFh3TXdmV3pzbVgzZVZpd1dKOWdqSkNna1dFWlcxWGtSUWtkUGFHVFE3ZDlYM2lWTWpJaFFtaCt3V2UrZApvRUVrUFNEWnFRbTV4ZnBwa1BLdHNzQ0ttUUtCZ1FEZ0lIQjY4MXBkSEtvSjJISGJUZ3NBYThQNllyb3RNV3lHCnkyS3U3ZitXNU5sUXRRS0k2eC9pME4xYm0zWTR4T0hsUUZjdngwVGNtRUJ2NHVGdVdKVGNoUmFMU1RraGNXQ0EKTmluVWJtN1IrQ2FhclNoK3laZkpxTFFTWmRRSmN1L3NFOCtMdE9LVUxJdlNwUm9BYUF1WS80MUNJUzBOSy9lbgpEMHpJcGQ2MlR3S0JnUUNXazVQOEM5azFPelJSdUVvTWRsNVdZbTJMR3M5bFlRMUY1ZTVzT0FOb0ptNzRKWEpUCm9Zd3Q1OVI1MmN4bzB1djd6ZjZEakxiRW5rUjQ0cHR5RHdETjBUN1NaNFZZNWp1cmlEWHNHM3pzcGhSRXA0T1gKTTNIbFBjQVNDT0xjd0tvOXdZVFF3VDVHU0FkVTlMcFQ1dlRwekpiVXNTQ1ovZlpNTkphMFFBeGprUUtCZ1FDdwpoYnd4aWpOMHZKdk1EMVoxZEwxRGdwMGpPdGtKdVRDUjVlUitoR0xXMUwyNFRDaUg4Qy8zODZzMGVIZ2ZkQ202CjV2Y0VZWDBDQlVSVEd5MlVQRjVhWk5RQnRoVXlHdHIzZ0RGbjUrYU9wMVM0WklOTmdMZDFFOU5uM2gybnA0Z0IKdHdTek15OTFwclFsbnZXZ3RsSFVHZ3FHdUJ5RWtFbUlvWXRIU1NUbER3S0JnUURpdGtpUUFDZmpyZEV6REJXWAoxY2gvelIyRllUaFhUNndoUUo2UjU1b3VoSjhpREJMRFV1cCtxZmZwSTd6Q2lNRlYzK2VaZGNHMmRCclhPaUxzCk4xdjNoUHJZVDZEdktMK0l3WU9FZVpYRzF2b0dIeHRFZGlJVk0xLzlwUkpqRFNMUzNlWXI2WTEzT2gwTVhRcEUKUHluMHZkNjRQUmJoQk85bmZybUlmQVdLVnc9PQotLS0tLUVORCBQUklWQVRFIEtFWS0tLS0tCkVPRgoKY2htb2QgNDAwIC9ldGMvcGtpL3Rscy9jZXJ0cy9zZXJ2ZXIuY3J0IC9ldGMvcGtpL3Rscy9jZXJ0cy9zZXJ2ZXIua2V5CgojIENyZWF0ZSBPU00gY2FjaGUgZGlyZWN0b3J5Cm1rZGlyIC1wIC92YXIvY2FjaGUvb3NtX3RpbGVfY2FjaGUKY2hvd24gLVIgbmdpbng6bmdpbnggL3Zhci9jYWNoZS9vc21fdGlsZV9jYWNoZQoKc3lzdGVtY3RsIGRhZW1vbi1yZWxvYWQKc3lzdGVtY3RsIGVuYWJsZSBkamFuZ28td3NnaSBkamFuZ28tYXNnaSBuZ2lueCBwZ2JvdW5jZXIKCiMgKEdpdEh1YiBBY3Rpb25zIGhhbmRsZXMgdGhlIHJlc3Qgb24gaXRzIG5leHQgcnVuISk=",
            "vpc_security_group_ids": []
          },
          "sensitive_attributes": [],
          "identity_schema_version": 0,
          "private": "bnVsbA==",
          "dependencies": [
            "aws_iam_instance_profile.ec2_profile",
            "aws_iam_role.ec2_role",
            "aws_security_group.app_sg",
            "data.aws_ami.al2023"
          ]
        }
      ]
    },
    {
      "mode": "managed",
      "type": "aws_security_group",
      "name": "app_sg",
      "provider": "provider[\"registry.terraform.io/hashicorp/aws\"]",
      "instances": [
        {
          "schema_version": 1,
          "attributes": {
            "arn": "arn:aws:ec2:us-east-2:793314585930:security-group/sg-02aa427d1eb6d0770",
            "description": "Web traffic ingress and API egress",
            "egress": [
              {
                "cidr_blocks": [
                  "0.0.0.0/0"
                ],
                "description": "",
                "from_port": 0,
                "ipv6_cidr_blocks": [
                  "::/0"
                ],
                "prefix_list_ids": [],
                "protocol": "-1",
                "security_groups": [],
                "self": false,
                "to_port": 0
              }
            ],
            "id": "sg-02aa427d1eb6d0770",
            "ingress": [
              {
                "cidr_blocks": [],
                "description": "",
                "from_port": -1,
                "ipv6_cidr_blocks": [
                  "::/0"
                ],
                "prefix_list_ids": [],
                "protocol": "icmpv6",
                "security_groups": [],
                "self": false,
                "to_port": -1
              },
              {
                "cidr_blocks": [],
                "description": "",
                "from_port": 22,
                "ipv6_cidr_blocks": [
                  "2601:2c3:c083:1ce0:15ab:c4bd:6b73:3afd/128"
                ],
                "prefix_list_ids": [],
                "protocol": "tcp",
                "security_groups": [],
                "self": false,
                "to_port": 22
              },
              {
                "cidr_blocks": [],
                "description": "",
                "from_port": 443,
                "ipv6_cidr_blocks": [
                  "::/0"
                ],
                "prefix_list_ids": [],
                "protocol": "tcp",
                "security_groups": [],
                "self": false,
                "to_port": 443
              },
              {
                "cidr_blocks": [],
                "description": "",
                "from_port": 80,
                "ipv6_cidr_blocks": [
                  "::/0"
                ],
                "prefix_list_ids": [],
                "protocol": "tcp",
                "security_groups": [],
                "self": false,
                "to_port": 80
              }
            ],
            "name": "nycnow-sg-20260409050517075300000001",
            "name_prefix": "nycnow-sg-",
            "owner_id": "793314585930",
            "revoke_rules_on_delete": false,
            "tags": {},
            "tags_all": {},
            "timeouts": null,
            "vpc_id": "vpc-07c8a71c98ccc8193"
          },
          "sensitive_attributes": [],
          "identity_schema_version": 0,
          "private": "eyJlMmJmYjczMC1lY2FhLTExZTYtOGY4OC0zNDM2M2JjN2M0YzAiOnsiY3JlYXRlIjo2MDAwMDAwMDAwMDAsImRlbGV0ZSI6OTAwMDAwMDAwMDAwfSwic2NoZW1hX3ZlcnNpb24iOiIxIn0="
        }
      ]
    }
  ],
  "check_results": null
}
